// !$*UTF8*$!
{
	archiveVersion = 1;
	classes = {
	};
	objectVersion = 52;
	objects = {

/* Begin PBXBuildFile section */
		D0036DC8252B0B5900E4005B /* CreateButton.swift in Sources */ = {isa = PBXBuildFile; fileRef = D0036DC7252B0B5900E4005B /* CreateButton.swift */; };
		D0036DCD252B0EDB00E4005B /* EditTaskPage.swift in Sources */ = {isa = PBXBuildFile; fileRef = D0036DCC252B0EDB00E4005B /* EditTaskPage.swift */; };
		D0036DD5252C56CD00E4005B /* Color.swift in Sources */ = {isa = PBXBuildFile; fileRef = D0036DD4252C56CD00E4005B /* Color.swift */; };
		D007CFB525873512008CA76D /* constants.swift in Sources */ = {isa = PBXBuildFile; fileRef = D007CFB425873512008CA76D /* constants.swift */; };
		D00CB07B2588B84800460D06 /* MyDayCreateTaskSheet.swift in Sources */ = {isa = PBXBuildFile; fileRef = D00CB07A2588B84800460D06 /* MyDayCreateTaskSheet.swift */; };
		D00CB089258A2FF900460D06 /* filterMyDayTasks.swift in Sources */ = {isa = PBXBuildFile; fileRef = D00CB088258A2FF900460D06 /* filterMyDayTasks.swift */; };
		D01026622524241F00653A52 /* iDeserveApp.swift in Sources */ = {isa = PBXBuildFile; fileRef = D01026612524241F00653A52 /* iDeserveApp.swift */; };
		D01026662524242000653A52 /* Assets.xcassets in Resources */ = {isa = PBXBuildFile; fileRef = D01026652524242000653A52 /* Assets.xcassets */; };
		D01026692524242000653A52 /* Preview Assets.xcassets in Resources */ = {isa = PBXBuildFile; fileRef = D01026682524242000653A52 /* Preview Assets.xcassets */; };
		D01026742524242100653A52 /* iDeserveTests.swift in Sources */ = {isa = PBXBuildFile; fileRef = D01026732524242100653A52 /* iDeserveTests.swift */; };
		D010267F2524242100653A52 /* iDeserveUITests.swift in Sources */ = {isa = PBXBuildFile; fileRef = D010267E2524242100653A52 /* iDeserveUITests.swift */; };
		D0119B4225ECE52F00F5E0F6 /* TypeIcon.swift in Sources */ = {isa = PBXBuildFile; fileRef = D0119B4125ECE52F00F5E0F6 /* TypeIcon.swift */; };
		D0119B4825ECE74C00F5E0F6 /* GoalTypePicker.swift in Sources */ = {isa = PBXBuildFile; fileRef = D0119B4725ECE74C00F5E0F6 /* GoalTypePicker.swift */; };
		D0119B5725EE340F00F5E0F6 /* Sliders in Frameworks */ = {isa = PBXBuildFile; productRef = D0119B5625EE340F00F5E0F6 /* Sliders */; };
		D0119B5D25EE367200F5E0F6 /* MySlider.swift in Sources */ = {isa = PBXBuildFile; fileRef = D0119B5C25EE367200F5E0F6 /* MySlider.swift */; };
		D0119B6325EE802700F5E0F6 /* if.swift in Sources */ = {isa = PBXBuildFile; fileRef = D0119B6225EE802700F5E0F6 /* if.swift */; };
		D0119B6D25EF2C7600F5E0F6 /* Reward.swift in Sources */ = {isa = PBXBuildFile; fileRef = D0119B6C25EF2C7600F5E0F6 /* Reward.swift */; };
		D0119B7325EF2D3A00F5E0F6 /* RewardTypePicker.swift in Sources */ = {isa = PBXBuildFile; fileRef = D0119B7225EF2D3A00F5E0F6 /* RewardTypePicker.swift */; };
		D01CAD9B25AC92A2009F1115 /* ExDivider.swift in Sources */ = {isa = PBXBuildFile; fileRef = D01CAD9A25AC92A2009F1115 /* ExDivider.swift */; };
		D030B6B2257E0A8900967015 /* resetPos.swift in Sources */ = {isa = PBXBuildFile; fileRef = D030B6B1257E0A8900967015 /* resetPos.swift */; };
		D031ED9D25B13EDB00D64CF3 /* FormItem.swift in Sources */ = {isa = PBXBuildFile; fileRef = D031ED9C25B13EDB00D64CF3 /* FormItem.swift */; };
		D031EDCA25B16A2900D64CF3 /* ImportancePicker.swift in Sources */ = {isa = PBXBuildFile; fileRef = D031EDC925B16A2900D64CF3 /* ImportancePicker.swift */; };
		D031EDE425B1964800D64CF3 /* DifficultyPicker.swift in Sources */ = {isa = PBXBuildFile; fileRef = D031EDE325B1964800D64CF3 /* DifficultyPicker.swift */; };
		D031EDF525B5719300D64CF3 /* PopupView.swift in Sources */ = {isa = PBXBuildFile; fileRef = D031EDF425B5719200D64CF3 /* PopupView.swift */; };
		D031EE1725B7CDEE00D64CF3 /* Goal.swift in Sources */ = {isa = PBXBuildFile; fileRef = D031EE1625B7CDEE00D64CF3 /* Goal.swift */; };
		D031EE2125B7DCB500D64CF3 /* DragRelocateDelegate.swift in Sources */ = {isa = PBXBuildFile; fileRef = D031EE2025B7DCB500D64CF3 /* DragRelocateDelegate.swift */; };
		D03AF6F625AD443700F8152D /* CalendarSwiper.swift in Sources */ = {isa = PBXBuildFile; fileRef = D03AF6F525AD443700F8152D /* CalendarSwiper.swift */; };
		D03AF6FC25AD44B800F8152D /* viberate.swift in Sources */ = {isa = PBXBuildFile; fileRef = D03AF6FB25AD44B800F8152D /* viberate.swift */; };
		D03AF70125AD4FAF00F8152D /* viberate.swift in Sources */ = {isa = PBXBuildFile; fileRef = D03AF6FB25AD44B800F8152D /* viberate.swift */; };
		D03AF71025AEBAF000F8152D /* roundBorder.swift in Sources */ = {isa = PBXBuildFile; fileRef = D03AF70F25AEBAF000F8152D /* roundBorder.swift */; };
		D03AF72725AFECAD00F8152D /* SettingsPage.swift in Sources */ = {isa = PBXBuildFile; fileRef = D03AF72625AFECAD00F8152D /* SettingsPage.swift */; };
		D03AF73225B0113700F8152D /* WebView.swift in Sources */ = {isa = PBXBuildFile; fileRef = D03AF73125B0113700F8152D /* WebView.swift */; };
		D03AF73C25B01DEE00F8152D /* WebPage.swift in Sources */ = {isa = PBXBuildFile; fileRef = D03AF73B25B01DEE00F8152D /* WebPage.swift */; };
		D03AF74225B01E2B00F8152D /* Loader.swift in Sources */ = {isa = PBXBuildFile; fileRef = D03AF74125B01E2B00F8152D /* Loader.swift */; };
		D03AF74825B0283500F8152D /* MyWebview.swift in Sources */ = {isa = PBXBuildFile; fileRef = D03AF74725B0283500F8152D /* MyWebview.swift */; };
		D03B57BE253D303A00DC107F /* iDeserve.xcdatamodeld in Sources */ = {isa = PBXBuildFile; fileRef = D03B57BC253D303A00DC107F /* iDeserve.xcdatamodeld */; };
		D03B57C7253D471A00DC107F /* saveContext.swift in Sources */ = {isa = PBXBuildFile; fileRef = D03B57C6253D471A00DC107F /* saveContext.swift */; };
		D03B57CC253D8B4900DC107F /* RecordPage.swift in Sources */ = {isa = PBXBuildFile; fileRef = D03B57CB253D8B4900DC107F /* RecordPage.swift */; };
		D03B57D1253D8D5100DC107F /* CoreDataContainer.swift in Sources */ = {isa = PBXBuildFile; fileRef = D03B57D0253D8D5100DC107F /* CoreDataContainer.swift */; };
		D03C5D14255CE88400778EEE /* MyDayPage.swift in Sources */ = {isa = PBXBuildFile; fileRef = D03C5D13255CE88400778EEE /* MyDayPage.swift */; };
		D03F21AE25270EC40055BF25 /* Record.swift in Sources */ = {isa = PBXBuildFile; fileRef = D03F21AD25270EC40055BF25 /* Record.swift */; };
		D041FF7425F8A15700F565C1 /* HelpTextModal.swift in Sources */ = {isa = PBXBuildFile; fileRef = D041FF7325F8A15700F565C1 /* HelpTextModal.swift */; };
		D041FF7A25F8BD6F00F565C1 /* Hiragino-Sans-GB-W3.otf in Resources */ = {isa = PBXBuildFile; fileRef = D041FF7925F8BD6F00F565C1 /* Hiragino-Sans-GB-W3.otf */; };
		D041FF7B25F8BD6F00F565C1 /* Hiragino-Sans-GB-W3.otf in Resources */ = {isa = PBXBuildFile; fileRef = D041FF7925F8BD6F00F565C1 /* Hiragino-Sans-GB-W3.otf */; };
		D042F196252D98DC00B08F97 /* RewardGrid.swift in Sources */ = {isa = PBXBuildFile; fileRef = D042F195252D98DC00B08F97 /* RewardGrid.swift */; };
		D04BB017252AC7FB0088912A /* GoalPage.swift in Sources */ = {isa = PBXBuildFile; fileRef = D04BB016252AC7FB0088912A /* GoalPage.swift */; };
		D04BB01F252AC8330088912A /* AppWrapper.swift in Sources */ = {isa = PBXBuildFile; fileRef = D04BB01E252AC8330088912A /* AppWrapper.swift */; };
		D04BB024252AC93B0088912A /* RewardPage.swift in Sources */ = {isa = PBXBuildFile; fileRef = D04BB023252AC93B0088912A /* RewardPage.swift */; };
		D06039B62609AC69001BA1F0 /* Firework.swift in Sources */ = {isa = PBXBuildFile; fileRef = D06039B52609AC69001BA1F0 /* Firework.swift */; };
		D06806A125318E7F008DE678 /* EditRewardPage.swift in Sources */ = {isa = PBXBuildFile; fileRef = D06806A025318E7F008DE678 /* EditRewardPage.swift */; };
		D06806A62531939D008DE678 /* RepeatFrequency.swift in Sources */ = {isa = PBXBuildFile; fileRef = D06806A52531939D008DE678 /* RepeatFrequency.swift */; };
		D06806AB2531A4CC008DE678 /* ImagePicker.swift in Sources */ = {isa = PBXBuildFile; fileRef = D06806AA2531A4CC008DE678 /* ImagePicker.swift */; };
		D07242722599C8BB00DCB674 /* Localizable.strings in Resources */ = {isa = PBXBuildFile; fileRef = D07242702599C8BB00DCB674 /* Localizable.strings */; };
		D07242782599E1ED00DCB674 /* i18n.swift in Sources */ = {isa = PBXBuildFile; fileRef = D07242772599E1ED00DCB674 /* i18n.swift */; };
		D07242FE25A1CA4400DCB674 /* AppHeader.swift in Sources */ = {isa = PBXBuildFile; fileRef = D07242FD25A1CA4400DCB674 /* AppHeader.swift */; };
		D072430425A2CCF200DCB674 /* HighPriorityButtonStyle.swift in Sources */ = {isa = PBXBuildFile; fileRef = D072430325A2CCF200DCB674 /* HighPriorityButtonStyle.swift */; };
		D072432C25A30B6400DCB674 /* CalendarGrid.swift in Sources */ = {isa = PBXBuildFile; fileRef = D072432B25A30B6400DCB674 /* CalendarGrid.swift */; };
		D072433625A30EC800DCB674 /* CalendarLayout.swift in Sources */ = {isa = PBXBuildFile; fileRef = D072433525A30EC800DCB674 /* CalendarLayout.swift */; };
		D072434A25A431C000DCB674 /* utils.swift in Sources */ = {isa = PBXBuildFile; fileRef = D072434925A431C000DCB674 /* utils.swift */; };
		D07913332574F198007B9767 /* WidgetKit.framework in Frameworks */ = {isa = PBXBuildFile; fileRef = D07913322574F198007B9767 /* WidgetKit.framework */; };
		D07913352574F198007B9767 /* SwiftUI.framework in Frameworks */ = {isa = PBXBuildFile; fileRef = D07913342574F198007B9767 /* SwiftUI.framework */; };
		D07913382574F198007B9767 /* iDeserveWidget.swift in Sources */ = {isa = PBXBuildFile; fileRef = D07913372574F198007B9767 /* iDeserveWidget.swift */; };
		D079133B2574F198007B9767 /* Assets.xcassets in Resources */ = {isa = PBXBuildFile; fileRef = D079133A2574F198007B9767 /* Assets.xcassets */; };
		D079133D2574F198007B9767 /* iDeserveWidget.intentdefinition in Sources */ = {isa = PBXBuildFile; fileRef = D07913392574F198007B9767 /* iDeserveWidget.intentdefinition */; };
		D079133E2574F198007B9767 /* iDeserveWidget.intentdefinition in Sources */ = {isa = PBXBuildFile; fileRef = D07913392574F198007B9767 /* iDeserveWidget.intentdefinition */; };
		D07913412574F198007B9767 /* iDeserveWidgetExtension.appex in Embed App Extensions */ = {isa = PBXBuildFile; fileRef = D07913302574F198007B9767 /* iDeserveWidgetExtension.appex */; settings = {ATTRIBUTES = (RemoveHeadersOnCopy, ); }; };
		D07913652574F632007B9767 /* Record.swift in Sources */ = {isa = PBXBuildFile; fileRef = D03F21AD25270EC40055BF25 /* Record.swift */; };
		D07913662574F632007B9767 /* Color.swift in Sources */ = {isa = PBXBuildFile; fileRef = D0036DD4252C56CD00E4005B /* Color.swift */; };
		D07913672574F632007B9767 /* RepeatFrequency.swift in Sources */ = {isa = PBXBuildFile; fileRef = D06806A52531939D008DE678 /* RepeatFrequency.swift */; };
		D07913682574F632007B9767 /* Difficulty.swift in Sources */ = {isa = PBXBuildFile; fileRef = D08988A7254672390032BA96 /* Difficulty.swift */; };
		D07913692574F632007B9767 /* Task.swift in Sources */ = {isa = PBXBuildFile; fileRef = D08988DD2546BDDC0032BA96 /* Task.swift */; };
		D079137B2574F65B007B9767 /* emptyFunc.swift in Sources */ = {isa = PBXBuildFile; fileRef = D0F3B0352563F836008B6EBB /* emptyFunc.swift */; };
		D079137C2574F65B007B9767 /* saveContext.swift in Sources */ = {isa = PBXBuildFile; fileRef = D03B57C6253D471A00DC107F /* saveContext.swift */; };
		D079137D2574F65B007B9767 /* genMockData.swift in Sources */ = {isa = PBXBuildFile; fileRef = D0F3B00225636C4B008B6EBB /* genMockData.swift */; };
		D07913822574F671007B9767 /* iDeserve.xcdatamodeld in Sources */ = {isa = PBXBuildFile; fileRef = D03B57BC253D303A00DC107F /* iDeserve.xcdatamodeld */; };
		D07913BF257768E9007B9767 /* TabContainer.swift in Sources */ = {isa = PBXBuildFile; fileRef = D07913BE257768E9007B9767 /* TabContainer.swift */; };
		D07913C925776963007B9767 /* TabIcon.swift in Sources */ = {isa = PBXBuildFile; fileRef = D07913C825776963007B9767 /* TabIcon.swift */; };
		D07B6D3425B037E200087FC5 /* GoalItemView.swift in Sources */ = {isa = PBXBuildFile; fileRef = D07B6D3325B037E200087FC5 /* GoalItemView.swift */; };
		D07B6D3A25B042E500087FC5 /* NutIcon.swift in Sources */ = {isa = PBXBuildFile; fileRef = D07B6D3925B042E500087FC5 /* NutIcon.swift */; };
		D07B6D4825B06C5400087FC5 /* ProgressBar.swift in Sources */ = {isa = PBXBuildFile; fileRef = D07B6D4725B06C5400087FC5 /* ProgressBar.swift */; };
		D088865026365D5D005624D1 /* NutsAndSettings.swift in Sources */ = {isa = PBXBuildFile; fileRef = D088864F26365D5D005624D1 /* NutsAndSettings.swift */; };
		D088869F263A82A8005624D1 /* RewardFilter.swift in Sources */ = {isa = PBXBuildFile; fileRef = D088869E263A82A8005624D1 /* RewardFilter.swift */; };
		D08886A5263B1363005624D1 /* RewardPageHeader.swift in Sources */ = {isa = PBXBuildFile; fileRef = D08886A4263B1363005624D1 /* RewardPageHeader.swift */; };
		D08886B2263C0271005624D1 /* roundBorder.swift in Sources */ = {isa = PBXBuildFile; fileRef = D03AF70F25AEBAF000F8152D /* roundBorder.swift */; };
		D089889E25466ECC0032BA96 /* PointsStore.swift in Sources */ = {isa = PBXBuildFile; fileRef = D089889D25466ECC0032BA96 /* PointsStore.swift */; };
		D08988A3254671E60032BA96 /* EditGoalPage.swift in Sources */ = {isa = PBXBuildFile; fileRef = D08988A2254671E60032BA96 /* EditGoalPage.swift */; };
		D08988A8254672390032BA96 /* Difficulty.swift in Sources */ = {isa = PBXBuildFile; fileRef = D08988A7254672390032BA96 /* Difficulty.swift */; };
		D08988B2254685A60032BA96 /* TaskForm.swift in Sources */ = {isa = PBXBuildFile; fileRef = D08988B1254685A60032BA96 /* TaskForm.swift */; };
		D08988CA2546A9D00032BA96 /* GoalTasksSheet.swift in Sources */ = {isa = PBXBuildFile; fileRef = D08988C92546A9D00032BA96 /* GoalTasksSheet.swift */; };
		D08988DE2546BDDC0032BA96 /* Task.swift in Sources */ = {isa = PBXBuildFile; fileRef = D08988DD2546BDDC0032BA96 /* Task.swift */; };
		D08B91B725AABCF0007F2358 /* dateTools.swift in Sources */ = {isa = PBXBuildFile; fileRef = D08B91B625AABCF0007F2358 /* dateTools.swift */; };
		D08B91C025AAC0D6007F2358 /* dateTools.swift in Sources */ = {isa = PBXBuildFile; fileRef = D08B91B625AABCF0007F2358 /* dateTools.swift */; };
		D08EE9A025F9EA300020FBC2 /* TextArea.swift in Sources */ = {isa = PBXBuildFile; fileRef = D08EE99F25F9EA300020FBC2 /* TextArea.swift */; };
		D08EE9AA25F9F3450020FBC2 /* dismissKeyboard.swift in Sources */ = {isa = PBXBuildFile; fileRef = D08EE9A925F9F3450020FBC2 /* dismissKeyboard.swift */; };
		D08EE9B425FB35DD0020FBC2 /* initData.swift in Sources */ = {isa = PBXBuildFile; fileRef = D08EE9B325FB35DD0020FBC2 /* initData.swift */; };
		D08FB2ED25A5D52200042124 /* draggableModifier.swift in Sources */ = {isa = PBXBuildFile; fileRef = D08FB2EC25A5D52200042124 /* draggableModifier.swift */; };
		D08FB2FB25A82E1F00042124 /* Importance.swift in Sources */ = {isa = PBXBuildFile; fileRef = D08FB2FA25A82E1F00042124 /* Importance.swift */; };
		D08FB32125A87CE300042124 /* AnimatedPoints.swift in Sources */ = {isa = PBXBuildFile; fileRef = D08FB32025A87CE300042124 /* AnimatedPoints.swift */; };
		D09688E9258C5B2F00E41751 /* resetRepeatTaskStatus.swift in Sources */ = {isa = PBXBuildFile; fileRef = D09688E8258C5B2F00E41751 /* resetRepeatTaskStatus.swift */; };
		D0A071212657DC9F00952DAD /* CloudHelper.swift in Sources */ = {isa = PBXBuildFile; fileRef = D0A071202657DC9F00952DAD /* CloudHelper.swift */; };
		D0AE3B4925AC7CDB00428FC7 /* RecordList.swift in Sources */ = {isa = PBXBuildFile; fileRef = D0AE3B4825AC7CDB00428FC7 /* RecordList.swift */; };
		D0B113ED262584AB00C93A59 /* SwiftUIPager in Frameworks */ = {isa = PBXBuildFile; productRef = D0B113EC262584AB00C93A59 /* SwiftUIPager */; };
		D0B113F4262584E600C93A59 /* LandingPage.swift in Sources */ = {isa = PBXBuildFile; fileRef = D0B113F3262584E600C93A59 /* LandingPage.swift */; };
		D0B114022626FBC100C93A59 /* Events.swift in Sources */ = {isa = PBXBuildFile; fileRef = D0B114012626FBC100C93A59 /* Events.swift */; };
		D0B1140F262704BA00C93A59 /* TaskItem.swift in Sources */ = {isa = PBXBuildFile; fileRef = D0F3AFFD25636A36008B6EBB /* TaskItem.swift */; };
		D0B11414262704BE00C93A59 /* SwipeWrapper.swift in Sources */ = {isa = PBXBuildFile; fileRef = D0F3B0152563BBFB008B6EBB /* SwipeWrapper.swift */; };
		D0B11419262704CF00C93A59 /* Events.swift in Sources */ = {isa = PBXBuildFile; fileRef = D0B114012626FBC100C93A59 /* Events.swift */; };
		D0B114292628236500C93A59 /* PayPage.swift in Sources */ = {isa = PBXBuildFile; fileRef = D0B114282628236500C93A59 /* PayPage.swift */; };
		D0B1142E2628275400C93A59 /* iDeserve.storekit in Resources */ = {isa = PBXBuildFile; fileRef = D0CF9FD02611AF3100DD4CB2 /* iDeserve.storekit */; };
		D0B11467262D9BCD00C93A59 /* constants.swift in Sources */ = {isa = PBXBuildFile; fileRef = D007CFB425873512008CA76D /* constants.swift */; };
		D0B1146C262D9D3000C93A59 /* NutIcon.swift in Sources */ = {isa = PBXBuildFile; fileRef = D07B6D3925B042E500087FC5 /* NutIcon.swift */; };
		D0B1147D262EFFF200C93A59 /* Importance.swift in Sources */ = {isa = PBXBuildFile; fileRef = D08FB2FA25A82E1F00042124 /* Importance.swift */; };
		D0B11482262F013400C93A59 /* Goal.swift in Sources */ = {isa = PBXBuildFile; fileRef = D031EE1625B7CDEE00D64CF3 /* Goal.swift */; };
		D0CF9FD82611BF7F00DD4CB2 /* IAPHelper.swift in Sources */ = {isa = PBXBuildFile; fileRef = D0CF9FD72611BF7E00DD4CB2 /* IAPHelper.swift */; };
		D0D23CD4257882A700AAFE27 /* Font.swift in Sources */ = {isa = PBXBuildFile; fileRef = D0D23CD3257882A700AAFE27 /* Font.swift */; };
		D0D23CF12578892F00AAFE27 /* Hiragino-Sans-GB-W6.otf in Resources */ = {isa = PBXBuildFile; fileRef = D0D23CF02578892F00AAFE27 /* Hiragino-Sans-GB-W6.otf */; };
		D0D23CF22578892F00AAFE27 /* Hiragino-Sans-GB-W6.otf in Resources */ = {isa = PBXBuildFile; fileRef = D0D23CF02578892F00AAFE27 /* Hiragino-Sans-GB-W6.otf */; };
		D0D23CFB25788CD600AAFE27 /* Font.swift in Sources */ = {isa = PBXBuildFile; fileRef = D0D23CD3257882A700AAFE27 /* Font.swift */; };
		D0DCEFCA264A5746007F7F68 /* RedeemRewardAlert.swift in Sources */ = {isa = PBXBuildFile; fileRef = D0DCEFC9264A5746007F7F68 /* RedeemRewardAlert.swift */; };
		D0DCF00D264CFEF4007F7F68 /* PopupMask.swift in Sources */ = {isa = PBXBuildFile; fileRef = D0DCF00C264CFEF4007F7F68 /* PopupMask.swift */; };
		D0DCF02C26538C06007F7F68 /* ConfettiSwiftUI in Frameworks */ = {isa = PBXBuildFile; productRef = D0DCF02B26538C06007F7F68 /* ConfettiSwiftUI */; };
		D0DCF02D26538C06007F7F68 /* ConfettiSwiftUI in Embed Frameworks */ = {isa = PBXBuildFile; productRef = D0DCF02B26538C06007F7F68 /* ConfettiSwiftUI */; settings = {ATTRIBUTES = (CodeSignOnCopy, ); }; };
		D0DCF03326539049007F7F68 /* Confetti.swift in Sources */ = {isa = PBXBuildFile; fileRef = D0DCF03226539049007F7F68 /* Confetti.swift */; };
		D0DCF03E2654E209007F7F68 /* RewardHelpModal.swift in Sources */ = {isa = PBXBuildFile; fileRef = D0DCF03D2654E209007F7F68 /* RewardHelpModal.swift */; };
		D0EE547C255908C80091302D /* GlobalStore.swift in Sources */ = {isa = PBXBuildFile; fileRef = D0EE547B255908C80091302D /* GlobalStore.swift */; };
		D0EE548125591D1C0091302D /* GoalStore.swift in Sources */ = {isa = PBXBuildFile; fileRef = D0EE548025591D1C0091302D /* GoalStore.swift */; };
		D0EE5486255944680091302D /* TaskStore.swift in Sources */ = {isa = PBXBuildFile; fileRef = D0EE5485255944680091302D /* TaskStore.swift */; };
		D0EE548B255A61F80091302D /* RecordStore.swift in Sources */ = {isa = PBXBuildFile; fileRef = D0EE548A255A61F80091302D /* RecordStore.swift */; };
		D0EE5490255A6D140091302D /* RewardStore.swift in Sources */ = {isa = PBXBuildFile; fileRef = D0EE548F255A6D140091302D /* RewardStore.swift */; };
		D0F02A1F25789E2D0082CCB1 /* CustomScrollView.swift in Sources */ = {isa = PBXBuildFile; fileRef = D0F02A1E25789E2D0082CCB1 /* CustomScrollView.swift */; };
		D0F02A36257912840082CCB1 /* Assets.xcassets in Resources */ = {isa = PBXBuildFile; fileRef = D01026652524242000653A52 /* Assets.xcassets */; };
		D0F02A3B2579162D0082CCB1 /* CoreDataContainer.swift in Sources */ = {isa = PBXBuildFile; fileRef = D03B57D0253D8D5100DC107F /* CoreDataContainer.swift */; };
		D0F2DC8C25E77A4B00A75E12 /* CompleteGoalView.swift in Sources */ = {isa = PBXBuildFile; fileRef = D0F2DC8B25E77A4B00A75E12 /* CompleteGoalView.swift */; };
		D0F3AFFE25636A36008B6EBB /* TaskItem.swift in Sources */ = {isa = PBXBuildFile; fileRef = D0F3AFFD25636A36008B6EBB /* TaskItem.swift */; };
		D0F3B00325636C4B008B6EBB /* genMockData.swift in Sources */ = {isa = PBXBuildFile; fileRef = D0F3B00225636C4B008B6EBB /* genMockData.swift */; };
		D0F3B0162563BBFB008B6EBB /* SwipeWrapper.swift in Sources */ = {isa = PBXBuildFile; fileRef = D0F3B0152563BBFB008B6EBB /* SwipeWrapper.swift */; };
		D0F3B01F2563D307008B6EBB /* Slot.swift in Sources */ = {isa = PBXBuildFile; fileRef = D0F3B01E2563D307008B6EBB /* Slot.swift */; };
		D0F3B0272563D336008B6EBB /* SlidableModifier.swift in Sources */ = {isa = PBXBuildFile; fileRef = D0F3B0262563D336008B6EBB /* SlidableModifier.swift */; };
		D0F3B02C2563D357008B6EBB /* Extensions.swift in Sources */ = {isa = PBXBuildFile; fileRef = D0F3B02B2563D357008B6EBB /* Extensions.swift */; };
		D0F3B0312563D3E3008B6EBB /* demo.swift in Sources */ = {isa = PBXBuildFile; fileRef = D0F3B0302563D3E3008B6EBB /* demo.swift */; };
		D0F3B0362563F836008B6EBB /* emptyFunc.swift in Sources */ = {isa = PBXBuildFile; fileRef = D0F3B0352563F836008B6EBB /* emptyFunc.swift */; };
/* End PBXBuildFile section */

/* Begin PBXContainerItemProxy section */
		D01026702524242000653A52 /* PBXContainerItemProxy */ = {
			isa = PBXContainerItemProxy;
			containerPortal = D01026562524241F00653A52 /* Project object */;
			proxyType = 1;
			remoteGlobalIDString = D010265D2524241F00653A52;
			remoteInfo = iDeserve;
		};
		D010267B2524242100653A52 /* PBXContainerItemProxy */ = {
			isa = PBXContainerItemProxy;
			containerPortal = D01026562524241F00653A52 /* Project object */;
			proxyType = 1;
			remoteGlobalIDString = D010265D2524241F00653A52;
			remoteInfo = iDeserve;
		};
/* End PBXContainerItemProxy section */

/* Begin PBXCopyFilesBuildPhase section */
		D07913422574F198007B9767 /* Embed App Extensions */ = {
			isa = PBXCopyFilesBuildPhase;
			buildActionMask = 2147483647;
			dstPath = "";
			dstSubfolderSpec = 13;
			files = (
				D07913412574F198007B9767 /* iDeserveWidgetExtension.appex in Embed App Extensions */,
			);
			name = "Embed App Extensions";
			runOnlyForDeploymentPostprocessing = 0;
		};
		D0DCF02E26538C07007F7F68 /* Embed Frameworks */ = {
			isa = PBXCopyFilesBuildPhase;
			buildActionMask = 2147483647;
			dstPath = "";
			dstSubfolderSpec = 10;
			files = (
				D0DCF02D26538C06007F7F68 /* ConfettiSwiftUI in Embed Frameworks */,
			);
			name = "Embed Frameworks";
			runOnlyForDeploymentPostprocessing = 0;
		};
/* End PBXCopyFilesBuildPhase section */

/* Begin PBXFileReference section */
		D0036DC7252B0B5900E4005B /* CreateButton.swift */ = {isa = PBXFileReference; lastKnownFileType = sourcecode.swift; path = CreateButton.swift; sourceTree = "<group>"; };
		D0036DCC252B0EDB00E4005B /* EditTaskPage.swift */ = {isa = PBXFileReference; lastKnownFileType = sourcecode.swift; path = EditTaskPage.swift; sourceTree = "<group>"; };
		D0036DD4252C56CD00E4005B /* Color.swift */ = {isa = PBXFileReference; lastKnownFileType = sourcecode.swift; path = Color.swift; sourceTree = "<group>"; };
		D007CFB425873512008CA76D /* constants.swift */ = {isa = PBXFileReference; lastKnownFileType = sourcecode.swift; path = constants.swift; sourceTree = "<group>"; };
		D00CB07A2588B84800460D06 /* MyDayCreateTaskSheet.swift */ = {isa = PBXFileReference; lastKnownFileType = sourcecode.swift; path = MyDayCreateTaskSheet.swift; sourceTree = "<group>"; };
		D00CB088258A2FF900460D06 /* filterMyDayTasks.swift */ = {isa = PBXFileReference; lastKnownFileType = sourcecode.swift; path = filterMyDayTasks.swift; sourceTree = "<group>"; };
		D010265E2524241F00653A52 /* iDeserve.app */ = {isa = PBXFileReference; explicitFileType = wrapper.application; includeInIndex = 0; path = iDeserve.app; sourceTree = BUILT_PRODUCTS_DIR; };
		D01026612524241F00653A52 /* iDeserveApp.swift */ = {isa = PBXFileReference; lastKnownFileType = sourcecode.swift; path = iDeserveApp.swift; sourceTree = "<group>"; };
		D01026652524242000653A52 /* Assets.xcassets */ = {isa = PBXFileReference; lastKnownFileType = folder.assetcatalog; path = Assets.xcassets; sourceTree = "<group>"; };
		D01026682524242000653A52 /* Preview Assets.xcassets */ = {isa = PBXFileReference; lastKnownFileType = folder.assetcatalog; path = "Preview Assets.xcassets"; sourceTree = "<group>"; };
		D010266A2524242000653A52 /* Info.plist */ = {isa = PBXFileReference; lastKnownFileType = text.plist.xml; path = Info.plist; sourceTree = "<group>"; };
		D010266F2524242000653A52 /* iDeserveTests.xctest */ = {isa = PBXFileReference; explicitFileType = wrapper.cfbundle; includeInIndex = 0; path = iDeserveTests.xctest; sourceTree = BUILT_PRODUCTS_DIR; };
		D01026732524242100653A52 /* iDeserveTests.swift */ = {isa = PBXFileReference; lastKnownFileType = sourcecode.swift; path = iDeserveTests.swift; sourceTree = "<group>"; };
		D01026752524242100653A52 /* Info.plist */ = {isa = PBXFileReference; lastKnownFileType = text.plist.xml; path = Info.plist; sourceTree = "<group>"; };
		D010267A2524242100653A52 /* iDeserveUITests.xctest */ = {isa = PBXFileReference; explicitFileType = wrapper.cfbundle; includeInIndex = 0; path = iDeserveUITests.xctest; sourceTree = BUILT_PRODUCTS_DIR; };
		D010267E2524242100653A52 /* iDeserveUITests.swift */ = {isa = PBXFileReference; lastKnownFileType = sourcecode.swift; path = iDeserveUITests.swift; sourceTree = "<group>"; };
		D01026802524242100653A52 /* Info.plist */ = {isa = PBXFileReference; lastKnownFileType = text.plist.xml; path = Info.plist; sourceTree = "<group>"; };
		D0119B4125ECE52F00F5E0F6 /* TypeIcon.swift */ = {isa = PBXFileReference; lastKnownFileType = sourcecode.swift; path = TypeIcon.swift; sourceTree = "<group>"; };
		D0119B4725ECE74C00F5E0F6 /* GoalTypePicker.swift */ = {isa = PBXFileReference; lastKnownFileType = sourcecode.swift; path = GoalTypePicker.swift; sourceTree = "<group>"; };
		D0119B5C25EE367200F5E0F6 /* MySlider.swift */ = {isa = PBXFileReference; lastKnownFileType = sourcecode.swift; path = MySlider.swift; sourceTree = "<group>"; };
		D0119B6225EE802700F5E0F6 /* if.swift */ = {isa = PBXFileReference; lastKnownFileType = sourcecode.swift; path = if.swift; sourceTree = "<group>"; };
		D0119B6C25EF2C7600F5E0F6 /* Reward.swift */ = {isa = PBXFileReference; lastKnownFileType = sourcecode.swift; path = Reward.swift; sourceTree = "<group>"; };
		D0119B7225EF2D3A00F5E0F6 /* RewardTypePicker.swift */ = {isa = PBXFileReference; lastKnownFileType = sourcecode.swift; path = RewardTypePicker.swift; sourceTree = "<group>"; };
		D01CAD9A25AC92A2009F1115 /* ExDivider.swift */ = {isa = PBXFileReference; lastKnownFileType = sourcecode.swift; path = ExDivider.swift; sourceTree = "<group>"; };
		D030B6B1257E0A8900967015 /* resetPos.swift */ = {isa = PBXFileReference; lastKnownFileType = sourcecode.swift; path = resetPos.swift; sourceTree = "<group>"; };
		D031ED9C25B13EDB00D64CF3 /* FormItem.swift */ = {isa = PBXFileReference; lastKnownFileType = sourcecode.swift; path = FormItem.swift; sourceTree = "<group>"; };
		D031EDC925B16A2900D64CF3 /* ImportancePicker.swift */ = {isa = PBXFileReference; lastKnownFileType = sourcecode.swift; path = ImportancePicker.swift; sourceTree = "<group>"; };
		D031EDE325B1964800D64CF3 /* DifficultyPicker.swift */ = {isa = PBXFileReference; lastKnownFileType = sourcecode.swift; path = DifficultyPicker.swift; sourceTree = "<group>"; };
		D031EDF425B5719200D64CF3 /* PopupView.swift */ = {isa = PBXFileReference; lastKnownFileType = sourcecode.swift; path = PopupView.swift; sourceTree = "<group>"; };
		D031EE1625B7CDEE00D64CF3 /* Goal.swift */ = {isa = PBXFileReference; lastKnownFileType = sourcecode.swift; path = Goal.swift; sourceTree = "<group>"; };
		D031EE2025B7DCB500D64CF3 /* DragRelocateDelegate.swift */ = {isa = PBXFileReference; lastKnownFileType = sourcecode.swift; path = DragRelocateDelegate.swift; sourceTree = "<group>"; };
		D03AF6F525AD443700F8152D /* CalendarSwiper.swift */ = {isa = PBXFileReference; lastKnownFileType = sourcecode.swift; path = CalendarSwiper.swift; sourceTree = "<group>"; };
		D03AF6FB25AD44B800F8152D /* viberate.swift */ = {isa = PBXFileReference; lastKnownFileType = sourcecode.swift; path = viberate.swift; sourceTree = "<group>"; };
		D03AF70F25AEBAF000F8152D /* roundBorder.swift */ = {isa = PBXFileReference; lastKnownFileType = sourcecode.swift; path = roundBorder.swift; sourceTree = "<group>"; };
		D03AF72625AFECAD00F8152D /* SettingsPage.swift */ = {isa = PBXFileReference; lastKnownFileType = sourcecode.swift; path = SettingsPage.swift; sourceTree = "<group>"; };
		D03AF73125B0113700F8152D /* WebView.swift */ = {isa = PBXFileReference; lastKnownFileType = sourcecode.swift; path = WebView.swift; sourceTree = "<group>"; };
		D03AF73B25B01DEE00F8152D /* WebPage.swift */ = {isa = PBXFileReference; lastKnownFileType = sourcecode.swift; path = WebPage.swift; sourceTree = "<group>"; };
		D03AF74125B01E2B00F8152D /* Loader.swift */ = {isa = PBXFileReference; lastKnownFileType = sourcecode.swift; path = Loader.swift; sourceTree = "<group>"; };
		D03AF74725B0283500F8152D /* MyWebview.swift */ = {isa = PBXFileReference; lastKnownFileType = sourcecode.swift; path = MyWebview.swift; sourceTree = "<group>"; };
		D03B57BD253D303A00DC107F /* iDeserve.xcdatamodel */ = {isa = PBXFileReference; lastKnownFileType = wrapper.xcdatamodel; path = iDeserve.xcdatamodel; sourceTree = "<group>"; };
		D03B57C6253D471A00DC107F /* saveContext.swift */ = {isa = PBXFileReference; lastKnownFileType = sourcecode.swift; path = saveContext.swift; sourceTree = "<group>"; };
		D03B57CB253D8B4900DC107F /* RecordPage.swift */ = {isa = PBXFileReference; lastKnownFileType = sourcecode.swift; path = RecordPage.swift; sourceTree = "<group>"; };
		D03B57D0253D8D5100DC107F /* CoreDataContainer.swift */ = {isa = PBXFileReference; lastKnownFileType = sourcecode.swift; path = CoreDataContainer.swift; sourceTree = "<group>"; };
		D03C5D13255CE88400778EEE /* MyDayPage.swift */ = {isa = PBXFileReference; lastKnownFileType = sourcecode.swift; path = MyDayPage.swift; sourceTree = "<group>"; };
		D03F21AD25270EC40055BF25 /* Record.swift */ = {isa = PBXFileReference; lastKnownFileType = sourcecode.swift; path = Record.swift; sourceTree = "<group>"; };
		D041FF7325F8A15700F565C1 /* HelpTextModal.swift */ = {isa = PBXFileReference; lastKnownFileType = sourcecode.swift; path = HelpTextModal.swift; sourceTree = "<group>"; };
		D041FF7925F8BD6F00F565C1 /* Hiragino-Sans-GB-W3.otf */ = {isa = PBXFileReference; lastKnownFileType = file; path = "Hiragino-Sans-GB-W3.otf"; sourceTree = "<group>"; };
		D042F195252D98DC00B08F97 /* RewardGrid.swift */ = {isa = PBXFileReference; lastKnownFileType = sourcecode.swift; path = RewardGrid.swift; sourceTree = "<group>"; };
		D04BB016252AC7FB0088912A /* GoalPage.swift */ = {isa = PBXFileReference; lastKnownFileType = sourcecode.swift; path = GoalPage.swift; sourceTree = "<group>"; };
		D04BB01E252AC8330088912A /* AppWrapper.swift */ = {isa = PBXFileReference; lastKnownFileType = sourcecode.swift; path = AppWrapper.swift; sourceTree = "<group>"; };
		D04BB023252AC93B0088912A /* RewardPage.swift */ = {isa = PBXFileReference; lastKnownFileType = sourcecode.swift; path = RewardPage.swift; sourceTree = "<group>"; };
		D06039B52609AC69001BA1F0 /* Firework.swift */ = {isa = PBXFileReference; lastKnownFileType = sourcecode.swift; path = Firework.swift; sourceTree = "<group>"; };
		D06806A025318E7F008DE678 /* EditRewardPage.swift */ = {isa = PBXFileReference; lastKnownFileType = sourcecode.swift; path = EditRewardPage.swift; sourceTree = "<group>"; };
		D06806A52531939D008DE678 /* RepeatFrequency.swift */ = {isa = PBXFileReference; lastKnownFileType = sourcecode.swift; path = RepeatFrequency.swift; sourceTree = "<group>"; };
		D06806AA2531A4CC008DE678 /* ImagePicker.swift */ = {isa = PBXFileReference; lastKnownFileType = sourcecode.swift; path = ImagePicker.swift; sourceTree = "<group>"; };
		D07242712599C8BB00DCB674 /* en */ = {isa = PBXFileReference; lastKnownFileType = text.plist.strings; name = en; path = en.lproj/Localizable.strings; sourceTree = "<group>"; };
		D07242772599E1ED00DCB674 /* i18n.swift */ = {isa = PBXFileReference; lastKnownFileType = sourcecode.swift; path = i18n.swift; sourceTree = "<group>"; };
		D07242FD25A1CA4400DCB674 /* AppHeader.swift */ = {isa = PBXFileReference; lastKnownFileType = sourcecode.swift; path = AppHeader.swift; sourceTree = "<group>"; };
		D072430325A2CCF200DCB674 /* HighPriorityButtonStyle.swift */ = {isa = PBXFileReference; lastKnownFileType = sourcecode.swift; path = HighPriorityButtonStyle.swift; sourceTree = "<group>"; };
		D072432B25A30B6400DCB674 /* CalendarGrid.swift */ = {isa = PBXFileReference; lastKnownFileType = sourcecode.swift; path = CalendarGrid.swift; sourceTree = "<group>"; };
		D072433525A30EC800DCB674 /* CalendarLayout.swift */ = {isa = PBXFileReference; lastKnownFileType = sourcecode.swift; path = CalendarLayout.swift; sourceTree = "<group>"; };
		D072434925A431C000DCB674 /* utils.swift */ = {isa = PBXFileReference; lastKnownFileType = sourcecode.swift; path = utils.swift; sourceTree = "<group>"; };
		D07913302574F198007B9767 /* iDeserveWidgetExtension.appex */ = {isa = PBXFileReference; explicitFileType = "wrapper.app-extension"; includeInIndex = 0; path = iDeserveWidgetExtension.appex; sourceTree = BUILT_PRODUCTS_DIR; };
		D07913322574F198007B9767 /* WidgetKit.framework */ = {isa = PBXFileReference; lastKnownFileType = wrapper.framework; name = WidgetKit.framework; path = System/Library/Frameworks/WidgetKit.framework; sourceTree = SDKROOT; };
		D07913342574F198007B9767 /* SwiftUI.framework */ = {isa = PBXFileReference; lastKnownFileType = wrapper.framework; name = SwiftUI.framework; path = System/Library/Frameworks/SwiftUI.framework; sourceTree = SDKROOT; };
		D07913372574F198007B9767 /* iDeserveWidget.swift */ = {isa = PBXFileReference; lastKnownFileType = sourcecode.swift; path = iDeserveWidget.swift; sourceTree = "<group>"; };
		D07913392574F198007B9767 /* iDeserveWidget.intentdefinition */ = {isa = PBXFileReference; lastKnownFileType = file.intentdefinition; path = iDeserveWidget.intentdefinition; sourceTree = "<group>"; };
		D079133A2574F198007B9767 /* Assets.xcassets */ = {isa = PBXFileReference; lastKnownFileType = folder.assetcatalog; path = Assets.xcassets; sourceTree = "<group>"; };
		D079133C2574F198007B9767 /* Info.plist */ = {isa = PBXFileReference; lastKnownFileType = text.plist.xml; path = Info.plist; sourceTree = "<group>"; };
		D079139D257748F2007B9767 /* iDeserveRelease.entitlements */ = {isa = PBXFileReference; lastKnownFileType = text.plist.entitlements; path = iDeserveRelease.entitlements; sourceTree = "<group>"; };
		D07913BE257768E9007B9767 /* TabContainer.swift */ = {isa = PBXFileReference; lastKnownFileType = sourcecode.swift; path = TabContainer.swift; sourceTree = "<group>"; };
		D07913C825776963007B9767 /* TabIcon.swift */ = {isa = PBXFileReference; lastKnownFileType = sourcecode.swift; path = TabIcon.swift; sourceTree = "<group>"; };
		D07B6D3325B037E200087FC5 /* GoalItemView.swift */ = {isa = PBXFileReference; lastKnownFileType = sourcecode.swift; path = GoalItemView.swift; sourceTree = "<group>"; };
		D07B6D3925B042E500087FC5 /* NutIcon.swift */ = {isa = PBXFileReference; lastKnownFileType = sourcecode.swift; path = NutIcon.swift; sourceTree = "<group>"; };
		D07B6D4725B06C5400087FC5 /* ProgressBar.swift */ = {isa = PBXFileReference; lastKnownFileType = sourcecode.swift; path = ProgressBar.swift; sourceTree = "<group>"; };
		D088864F26365D5D005624D1 /* NutsAndSettings.swift */ = {isa = PBXFileReference; lastKnownFileType = sourcecode.swift; path = NutsAndSettings.swift; sourceTree = "<group>"; };
		D088869E263A82A8005624D1 /* RewardFilter.swift */ = {isa = PBXFileReference; lastKnownFileType = sourcecode.swift; path = RewardFilter.swift; sourceTree = "<group>"; };
		D08886A4263B1363005624D1 /* RewardPageHeader.swift */ = {isa = PBXFileReference; lastKnownFileType = sourcecode.swift; path = RewardPageHeader.swift; sourceTree = "<group>"; };
		D089889D25466ECC0032BA96 /* PointsStore.swift */ = {isa = PBXFileReference; lastKnownFileType = sourcecode.swift; path = PointsStore.swift; sourceTree = "<group>"; };
		D08988A2254671E60032BA96 /* EditGoalPage.swift */ = {isa = PBXFileReference; lastKnownFileType = sourcecode.swift; path = EditGoalPage.swift; sourceTree = "<group>"; };
		D08988A7254672390032BA96 /* Difficulty.swift */ = {isa = PBXFileReference; lastKnownFileType = sourcecode.swift; path = Difficulty.swift; sourceTree = "<group>"; };
		D08988B1254685A60032BA96 /* TaskForm.swift */ = {isa = PBXFileReference; lastKnownFileType = sourcecode.swift; path = TaskForm.swift; sourceTree = "<group>"; };
		D08988C92546A9D00032BA96 /* GoalTasksSheet.swift */ = {isa = PBXFileReference; lastKnownFileType = sourcecode.swift; path = GoalTasksSheet.swift; sourceTree = "<group>"; };
		D08988DD2546BDDC0032BA96 /* Task.swift */ = {isa = PBXFileReference; lastKnownFileType = sourcecode.swift; path = Task.swift; sourceTree = "<group>"; };
		D08B91B625AABCF0007F2358 /* dateTools.swift */ = {isa = PBXFileReference; lastKnownFileType = sourcecode.swift; path = dateTools.swift; sourceTree = "<group>"; };
		D08EE99F25F9EA300020FBC2 /* TextArea.swift */ = {isa = PBXFileReference; lastKnownFileType = sourcecode.swift; path = TextArea.swift; sourceTree = "<group>"; };
		D08EE9A925F9F3450020FBC2 /* dismissKeyboard.swift */ = {isa = PBXFileReference; lastKnownFileType = sourcecode.swift; path = dismissKeyboard.swift; sourceTree = "<group>"; };
		D08EE9B325FB35DD0020FBC2 /* initData.swift */ = {isa = PBXFileReference; lastKnownFileType = sourcecode.swift; path = initData.swift; sourceTree = "<group>"; };
		D08FB2EC25A5D52200042124 /* draggableModifier.swift */ = {isa = PBXFileReference; lastKnownFileType = sourcecode.swift; path = draggableModifier.swift; sourceTree = "<group>"; };
		D08FB2FA25A82E1F00042124 /* Importance.swift */ = {isa = PBXFileReference; lastKnownFileType = sourcecode.swift; path = Importance.swift; sourceTree = "<group>"; };
		D08FB32025A87CE300042124 /* AnimatedPoints.swift */ = {isa = PBXFileReference; lastKnownFileType = sourcecode.swift; path = AnimatedPoints.swift; sourceTree = "<group>"; };
		D09688E8258C5B2F00E41751 /* resetRepeatTaskStatus.swift */ = {isa = PBXFileReference; lastKnownFileType = sourcecode.swift; path = resetRepeatTaskStatus.swift; sourceTree = "<group>"; };
		D0A071202657DC9F00952DAD /* CloudHelper.swift */ = {isa = PBXFileReference; lastKnownFileType = sourcecode.swift; path = CloudHelper.swift; sourceTree = "<group>"; };
		D0AE3B4825AC7CDB00428FC7 /* RecordList.swift */ = {isa = PBXFileReference; lastKnownFileType = sourcecode.swift; path = RecordList.swift; sourceTree = "<group>"; };
		D0B113F3262584E600C93A59 /* LandingPage.swift */ = {isa = PBXFileReference; lastKnownFileType = sourcecode.swift; path = LandingPage.swift; sourceTree = "<group>"; };
		D0B114012626FBC100C93A59 /* Events.swift */ = {isa = PBXFileReference; lastKnownFileType = sourcecode.swift; path = Events.swift; sourceTree = "<group>"; };
		D0B114282628236500C93A59 /* PayPage.swift */ = {isa = PBXFileReference; lastKnownFileType = sourcecode.swift; path = PayPage.swift; sourceTree = "<group>"; };
		D0CF9FD02611AF3100DD4CB2 /* iDeserve.storekit */ = {isa = PBXFileReference; lastKnownFileType = text; path = iDeserve.storekit; sourceTree = "<group>"; };
		D0CF9FD72611BF7E00DD4CB2 /* IAPHelper.swift */ = {isa = PBXFileReference; lastKnownFileType = sourcecode.swift; path = IAPHelper.swift; sourceTree = "<group>"; };
		D0D23CD3257882A700AAFE27 /* Font.swift */ = {isa = PBXFileReference; lastKnownFileType = sourcecode.swift; path = Font.swift; sourceTree = "<group>"; };
		D0D23CF02578892F00AAFE27 /* Hiragino-Sans-GB-W6.otf */ = {isa = PBXFileReference; lastKnownFileType = file; path = "Hiragino-Sans-GB-W6.otf"; sourceTree = "<group>"; };
		D0DCEFC9264A5746007F7F68 /* RedeemRewardAlert.swift */ = {isa = PBXFileReference; lastKnownFileType = sourcecode.swift; path = RedeemRewardAlert.swift; sourceTree = "<group>"; };
		D0DCF00C264CFEF4007F7F68 /* PopupMask.swift */ = {isa = PBXFileReference; lastKnownFileType = sourcecode.swift; path = PopupMask.swift; sourceTree = "<group>"; };
		D0DCF03226539049007F7F68 /* Confetti.swift */ = {isa = PBXFileReference; lastKnownFileType = sourcecode.swift; path = Confetti.swift; sourceTree = "<group>"; };
		D0DCF03D2654E209007F7F68 /* RewardHelpModal.swift */ = {isa = PBXFileReference; lastKnownFileType = sourcecode.swift; path = RewardHelpModal.swift; sourceTree = "<group>"; };
		D0EE547B255908C80091302D /* GlobalStore.swift */ = {isa = PBXFileReference; lastKnownFileType = sourcecode.swift; path = GlobalStore.swift; sourceTree = "<group>"; };
		D0EE548025591D1C0091302D /* GoalStore.swift */ = {isa = PBXFileReference; lastKnownFileType = sourcecode.swift; path = GoalStore.swift; sourceTree = "<group>"; };
		D0EE5485255944680091302D /* TaskStore.swift */ = {isa = PBXFileReference; lastKnownFileType = sourcecode.swift; path = TaskStore.swift; sourceTree = "<group>"; };
		D0EE548A255A61F80091302D /* RecordStore.swift */ = {isa = PBXFileReference; lastKnownFileType = sourcecode.swift; path = RecordStore.swift; sourceTree = "<group>"; };
		D0EE548F255A6D140091302D /* RewardStore.swift */ = {isa = PBXFileReference; lastKnownFileType = sourcecode.swift; path = RewardStore.swift; sourceTree = "<group>"; };
		D0F02A1E25789E2D0082CCB1 /* CustomScrollView.swift */ = {isa = PBXFileReference; lastKnownFileType = sourcecode.swift; path = CustomScrollView.swift; sourceTree = "<group>"; };
		D0F02A28257901BA0082CCB1 /* iDeserveWidgetExtensionRelease.entitlements */ = {isa = PBXFileReference; lastKnownFileType = text.plist.entitlements; path = iDeserveWidgetExtensionRelease.entitlements; sourceTree = "<group>"; };
		D0F2DC8B25E77A4B00A75E12 /* CompleteGoalView.swift */ = {isa = PBXFileReference; lastKnownFileType = sourcecode.swift; path = CompleteGoalView.swift; sourceTree = "<group>"; };
		D0F3AFFD25636A36008B6EBB /* TaskItem.swift */ = {isa = PBXFileReference; lastKnownFileType = sourcecode.swift; path = TaskItem.swift; sourceTree = "<group>"; };
		D0F3B00225636C4B008B6EBB /* genMockData.swift */ = {isa = PBXFileReference; lastKnownFileType = sourcecode.swift; path = genMockData.swift; sourceTree = "<group>"; };
		D0F3B0152563BBFB008B6EBB /* SwipeWrapper.swift */ = {isa = PBXFileReference; lastKnownFileType = sourcecode.swift; path = SwipeWrapper.swift; sourceTree = "<group>"; };
		D0F3B01E2563D307008B6EBB /* Slot.swift */ = {isa = PBXFileReference; lastKnownFileType = sourcecode.swift; path = Slot.swift; sourceTree = "<group>"; };
		D0F3B0262563D336008B6EBB /* SlidableModifier.swift */ = {isa = PBXFileReference; lastKnownFileType = sourcecode.swift; path = SlidableModifier.swift; sourceTree = "<group>"; };
		D0F3B02B2563D357008B6EBB /* Extensions.swift */ = {isa = PBXFileReference; lastKnownFileType = sourcecode.swift; path = Extensions.swift; sourceTree = "<group>"; };
		D0F3B0302563D3E3008B6EBB /* demo.swift */ = {isa = PBXFileReference; lastKnownFileType = sourcecode.swift; path = demo.swift; sourceTree = "<group>"; };
		D0F3B0352563F836008B6EBB /* emptyFunc.swift */ = {isa = PBXFileReference; lastKnownFileType = sourcecode.swift; path = emptyFunc.swift; sourceTree = "<group>"; };
/* End PBXFileReference section */

/* Begin PBXFrameworksBuildPhase section */
		D010265B2524241F00653A52 /* Frameworks */ = {
			isa = PBXFrameworksBuildPhase;
			buildActionMask = 2147483647;
			files = (
				D0DCF02C26538C06007F7F68 /* ConfettiSwiftUI in Frameworks */,
				D0B113ED262584AB00C93A59 /* SwiftUIPager in Frameworks */,
				D0119B5725EE340F00F5E0F6 /* Sliders in Frameworks */,
			);
			runOnlyForDeploymentPostprocessing = 0;
		};
		D010266C2524242000653A52 /* Frameworks */ = {
			isa = PBXFrameworksBuildPhase;
			buildActionMask = 2147483647;
			files = (
			);
			runOnlyForDeploymentPostprocessing = 0;
		};
		D01026772524242100653A52 /* Frameworks */ = {
			isa = PBXFrameworksBuildPhase;
			buildActionMask = 2147483647;
			files = (
			);
			runOnlyForDeploymentPostprocessing = 0;
		};
		D079132D2574F198007B9767 /* Frameworks */ = {
			isa = PBXFrameworksBuildPhase;
			buildActionMask = 2147483647;
			files = (
				D07913352574F198007B9767 /* SwiftUI.framework in Frameworks */,
				D07913332574F198007B9767 /* WidgetKit.framework in Frameworks */,
			);
			runOnlyForDeploymentPostprocessing = 0;
		};
/* End PBXFrameworksBuildPhase section */

/* Begin PBXGroup section */
		D0036E00252C6AE500E4005B /* Tool */ = {
			isa = PBXGroup;
			children = (
				D03B57C6253D471A00DC107F /* saveContext.swift */,
				D0F3B00225636C4B008B6EBB /* genMockData.swift */,
				D0F3B0352563F836008B6EBB /* emptyFunc.swift */,
				D08B91B625AABCF0007F2358 /* dateTools.swift */,
				D03AF6FB25AD44B800F8152D /* viberate.swift */,
				D08EE9A925F9F3450020FBC2 /* dismissKeyboard.swift */,
			);
			path = Tool;
			sourceTree = "<group>";
		};
		D00CB0792588B83300460D06 /* MyDayPage */ = {
			isa = PBXGroup;
			children = (
				D03C5D13255CE88400778EEE /* MyDayPage.swift */,
				D00CB07A2588B84800460D06 /* MyDayCreateTaskSheet.swift */,
				D00CB088258A2FF900460D06 /* filterMyDayTasks.swift */,
			);
			path = MyDayPage;
			sourceTree = "<group>";
		};
		D01026552524241F00653A52 = {
			isa = PBXGroup;
			children = (
				D0F02A28257901BA0082CCB1 /* iDeserveWidgetExtensionRelease.entitlements */,
				D01026602524241F00653A52 /* iDeserve */,
				D01026722524242000653A52 /* iDeserveTests */,
				D010267D2524242100653A52 /* iDeserveUITests */,
				D07913362574F198007B9767 /* iDeserveWidget */,
				D07913312574F198007B9767 /* Frameworks */,
				D010265F2524241F00653A52 /* Products */,
			);
			sourceTree = "<group>";
		};
		D010265F2524241F00653A52 /* Products */ = {
			isa = PBXGroup;
			children = (
				D010265E2524241F00653A52 /* iDeserve.app */,
				D010266F2524242000653A52 /* iDeserveTests.xctest */,
				D010267A2524242100653A52 /* iDeserveUITests.xctest */,
				D07913302574F198007B9767 /* iDeserveWidgetExtension.appex */,
			);
			name = Products;
			sourceTree = "<group>";
		};
		D01026602524241F00653A52 /* iDeserve */ = {
			isa = PBXGroup;
			children = (
				D04BB015252AC7EB0088912A /* Pages */,
				D010269D2524306400653A52 /* Components */,
				D010268F2524243B00653A52 /* Interface */,
				D01026A7252430CE00653A52 /* Store */,
				D0036E00252C6AE500E4005B /* Tool */,
				D03AF70E25AEBADD00F8152D /* Extensions */,
				D09688E7258C5B0F00E41751 /* Tasks */,
				D0D23CD92578883200AAFE27 /* Fonts */,
				D01026612524241F00653A52 /* iDeserveApp.swift */,
				D079139D257748F2007B9767 /* iDeserveRelease.entitlements */,
				D03B57D0253D8D5100DC107F /* CoreDataContainer.swift */,
				D01026652524242000653A52 /* Assets.xcassets */,
				D010266A2524242000653A52 /* Info.plist */,
				D07242702599C8BB00DCB674 /* Localizable.strings */,
				D01026672524242000653A52 /* Preview Content */,
				D03B57BC253D303A00DC107F /* iDeserve.xcdatamodeld */,
				D07242772599E1ED00DCB674 /* i18n.swift */,
				D0CF9FD02611AF3100DD4CB2 /* iDeserve.storekit */,
			);
			path = iDeserve;
			sourceTree = "<group>";
		};
		D01026672524242000653A52 /* Preview Content */ = {
			isa = PBXGroup;
			children = (
				D01026682524242000653A52 /* Preview Assets.xcassets */,
			);
			path = "Preview Content";
			sourceTree = "<group>";
		};
		D01026722524242000653A52 /* iDeserveTests */ = {
			isa = PBXGroup;
			children = (
				D01026732524242100653A52 /* iDeserveTests.swift */,
				D01026752524242100653A52 /* Info.plist */,
			);
			path = iDeserveTests;
			sourceTree = "<group>";
		};
		D010267D2524242100653A52 /* iDeserveUITests */ = {
			isa = PBXGroup;
			children = (
				D010267E2524242100653A52 /* iDeserveUITests.swift */,
				D01026802524242100653A52 /* Info.plist */,
			);
			path = iDeserveUITests;
			sourceTree = "<group>";
		};
		D010268F2524243B00653A52 /* Interface */ = {
			isa = PBXGroup;
			children = (
				D0036DD4252C56CD00E4005B /* Color.swift */,
				D007CFB425873512008CA76D /* constants.swift */,
				D08988A7254672390032BA96 /* Difficulty.swift */,
				D031EE1625B7CDEE00D64CF3 /* Goal.swift */,
				D072430325A2CCF200DCB674 /* HighPriorityButtonStyle.swift */,
				D08FB2FA25A82E1F00042124 /* Importance.swift */,
				D03F21AD25270EC40055BF25 /* Record.swift */,
				D06806A52531939D008DE678 /* RepeatFrequency.swift */,
				D0119B6C25EF2C7600F5E0F6 /* Reward.swift */,
				D08988DD2546BDDC0032BA96 /* Task.swift */,
				D0B114012626FBC100C93A59 /* Events.swift */,
			);
			path = Interface;
			sourceTree = "<group>";
		};
		D010269D2524306400653A52 /* Components */ = {
			isa = PBXGroup;
			children = (
				D08FB32025A87CE300042124 /* AnimatedPoints.swift */,
				D0036DC7252B0B5900E4005B /* CreateButton.swift */,
				D0F02A1E25789E2D0082CCB1 /* CustomScrollView.swift */,
				D01CAD9A25AC92A2009F1115 /* ExDivider.swift */,
				D031ED9C25B13EDB00D64CF3 /* FormItem.swift */,
				D0119B4125ECE52F00F5E0F6 /* TypeIcon.swift */,
				D041FF7325F8A15700F565C1 /* HelpTextModal.swift */,
				D06806AA2531A4CC008DE678 /* ImagePicker.swift */,
				D0119B5C25EE367200F5E0F6 /* MySlider.swift */,
				D07B6D3925B042E500087FC5 /* NutIcon.swift */,
				D07B6D4725B06C5400087FC5 /* ProgressBar.swift */,
				D0F3B0152563BBFB008B6EBB /* SwipeWrapper.swift */,
				D0F3AFFD25636A36008B6EBB /* TaskItem.swift */,
				D08EE99F25F9EA300020FBC2 /* TextArea.swift */,
				D0F2DC9125E77CD200A75E12 /* CompleteGoalView */,
				D0F3B01D2563D2F3008B6EBB /* SwipeCell */,
				D08988B6254685C70032BA96 /* TaskForm */,
				D03AF73025B0112B00F8152D /* WebView */,
				D0DCF00C264CFEF4007F7F68 /* PopupMask.swift */,
				D0DCF03226539049007F7F68 /* Confetti.swift */,
			);
			path = Components;
			sourceTree = "<group>";
		};
		D01026A7252430CE00653A52 /* Store */ = {
			isa = PBXGroup;
			children = (
				D089889D25466ECC0032BA96 /* PointsStore.swift */,
				D0EE547B255908C80091302D /* GlobalStore.swift */,
				D0EE548025591D1C0091302D /* GoalStore.swift */,
				D0EE5485255944680091302D /* TaskStore.swift */,
				D0EE548A255A61F80091302D /* RecordStore.swift */,
				D0EE548F255A6D140091302D /* RewardStore.swift */,
				D0CF9FD72611BF7E00DD4CB2 /* IAPHelper.swift */,
				D0A071202657DC9F00952DAD /* CloudHelper.swift */,
			);
			path = Store;
			sourceTree = "<group>";
		};
		D03AF70E25AEBADD00F8152D /* Extensions */ = {
			isa = PBXGroup;
			children = (
				D03AF70F25AEBAF000F8152D /* roundBorder.swift */,
				D031EDF425B5719200D64CF3 /* PopupView.swift */,
				D0119B6225EE802700F5E0F6 /* if.swift */,
			);
			path = Extensions;
			sourceTree = "<group>";
		};
		D03AF72525AFEC6E00F8152D /* SettingsPage */ = {
			isa = PBXGroup;
			children = (
				D03AF72625AFECAD00F8152D /* SettingsPage.swift */,
				D03AF73B25B01DEE00F8152D /* WebPage.swift */,
				D0B114282628236500C93A59 /* PayPage.swift */,
			);
			path = SettingsPage;
			sourceTree = "<group>";
		};
		D03AF73025B0112B00F8152D /* WebView */ = {
			isa = PBXGroup;
			children = (
				D03AF73125B0113700F8152D /* WebView.swift */,
				D03AF74125B01E2B00F8152D /* Loader.swift */,
				D03AF74725B0283500F8152D /* MyWebview.swift */,
			);
			path = WebView;
			sourceTree = "<group>";
		};
		D04BB015252AC7EB0088912A /* Pages */ = {
			isa = PBXGroup;
			children = (
				D0B113F2262584DA00C93A59 /* LandingPage */,
				D00CB0792588B83300460D06 /* MyDayPage */,
				D08FB30025A82FE500042124 /* GoalPage */,
				D07242F425A1B68D00DCB674 /* RewardPage */,
				D072435725A45E7800DCB674 /* RecordPage */,
				D03AF72525AFEC6E00F8152D /* SettingsPage */,
				D0D23CC22577969100AAFE27 /* AppWrapper */,
				D0036DCC252B0EDB00E4005B /* EditTaskPage.swift */,
			);
			path = Pages;
			sourceTree = "<group>";
		};
		D07242F425A1B68D00DCB674 /* RewardPage */ = {
			isa = PBXGroup;
			children = (
				D0DCEFD9264A6E27007F7F68 /* EditRewardPage */,
				D04BB023252AC93B0088912A /* RewardPage.swift */,
				D042F195252D98DC00B08F97 /* RewardGrid.swift */,
				D088869E263A82A8005624D1 /* RewardFilter.swift */,
				D08886A4263B1363005624D1 /* RewardPageHeader.swift */,
				D0DCEFC9264A5746007F7F68 /* RedeemRewardAlert.swift */,
			);
			path = RewardPage;
			sourceTree = "<group>";
		};
		D072432A25A30B4400DCB674 /* Calendar */ = {
			isa = PBXGroup;
			children = (
				D072432B25A30B6400DCB674 /* CalendarGrid.swift */,
				D072433525A30EC800DCB674 /* CalendarLayout.swift */,
				D072434925A431C000DCB674 /* utils.swift */,
				D03AF6F525AD443700F8152D /* CalendarSwiper.swift */,
			);
			path = Calendar;
			sourceTree = "<group>";
		};
		D072435725A45E7800DCB674 /* RecordPage */ = {
			isa = PBXGroup;
			children = (
				D072432A25A30B4400DCB674 /* Calendar */,
				D03B57CB253D8B4900DC107F /* RecordPage.swift */,
				D0AE3B4825AC7CDB00428FC7 /* RecordList.swift */,
			);
			path = RecordPage;
			sourceTree = "<group>";
		};
		D07913312574F198007B9767 /* Frameworks */ = {
			isa = PBXGroup;
			children = (
				D07913322574F198007B9767 /* WidgetKit.framework */,
				D07913342574F198007B9767 /* SwiftUI.framework */,
			);
			name = Frameworks;
			sourceTree = "<group>";
		};
		D07913362574F198007B9767 /* iDeserveWidget */ = {
			isa = PBXGroup;
			children = (
				D07913372574F198007B9767 /* iDeserveWidget.swift */,
				D07913392574F198007B9767 /* iDeserveWidget.intentdefinition */,
				D079133A2574F198007B9767 /* Assets.xcassets */,
				D079133C2574F198007B9767 /* Info.plist */,
			);
			path = iDeserveWidget;
			sourceTree = "<group>";
		};
		D08988B6254685C70032BA96 /* TaskForm */ = {
			isa = PBXGroup;
			children = (
				D08988B1254685A60032BA96 /* TaskForm.swift */,
				D031EDE325B1964800D64CF3 /* DifficultyPicker.swift */,
			);
			path = TaskForm;
			sourceTree = "<group>";
		};
		D08988CE2546A9D60032BA96 /* EditGoalPage */ = {
			isa = PBXGroup;
			children = (
				D08988A2254671E60032BA96 /* EditGoalPage.swift */,
				D08988C92546A9D00032BA96 /* GoalTasksSheet.swift */,
				D031EDC925B16A2900D64CF3 /* ImportancePicker.swift */,
				D0119B4725ECE74C00F5E0F6 /* GoalTypePicker.swift */,
			);
			path = EditGoalPage;
			sourceTree = "<group>";
		};
		D08FB30025A82FE500042124 /* GoalPage */ = {
			isa = PBXGroup;
			children = (
				D08988CE2546A9D60032BA96 /* EditGoalPage */,
				D04BB016252AC7FB0088912A /* GoalPage.swift */,
				D07B6D3325B037E200087FC5 /* GoalItemView.swift */,
				D031EE2025B7DCB500D64CF3 /* DragRelocateDelegate.swift */,
			);
			path = GoalPage;
			sourceTree = "<group>";
		};
		D09688E7258C5B0F00E41751 /* Tasks */ = {
			isa = PBXGroup;
			children = (
				D08EE9B325FB35DD0020FBC2 /* initData.swift */,
				D09688E8258C5B2F00E41751 /* resetRepeatTaskStatus.swift */,
				D030B6B1257E0A8900967015 /* resetPos.swift */,
				D08FB2EC25A5D52200042124 /* draggableModifier.swift */,
			);
			path = Tasks;
			sourceTree = "<group>";
		};
		D0B113F2262584DA00C93A59 /* LandingPage */ = {
			isa = PBXGroup;
			children = (
				D0B113F3262584E600C93A59 /* LandingPage.swift */,
			);
			path = LandingPage;
			sourceTree = "<group>";
		};
		D0D23CC22577969100AAFE27 /* AppWrapper */ = {
			isa = PBXGroup;
			children = (
				D07913BE257768E9007B9767 /* TabContainer.swift */,
				D07913C825776963007B9767 /* TabIcon.swift */,
				D07242FD25A1CA4400DCB674 /* AppHeader.swift */,
				D04BB01E252AC8330088912A /* AppWrapper.swift */,
				D088864F26365D5D005624D1 /* NutsAndSettings.swift */,
			);
			path = AppWrapper;
			sourceTree = "<group>";
		};
		D0D23CD92578883200AAFE27 /* Fonts */ = {
			isa = PBXGroup;
			children = (
				D0D23CD3257882A700AAFE27 /* Font.swift */,
				D041FF7925F8BD6F00F565C1 /* Hiragino-Sans-GB-W3.otf */,
				D0D23CF02578892F00AAFE27 /* Hiragino-Sans-GB-W6.otf */,
			);
			path = Fonts;
			sourceTree = "<group>";
		};
		D0DCEFD9264A6E27007F7F68 /* EditRewardPage */ = {
			isa = PBXGroup;
			children = (
				D06806A025318E7F008DE678 /* EditRewardPage.swift */,
				D0119B7225EF2D3A00F5E0F6 /* RewardTypePicker.swift */,
				D0DCF03D2654E209007F7F68 /* RewardHelpModal.swift */,
			);
			path = EditRewardPage;
			sourceTree = "<group>";
		};
		D0F2DC9125E77CD200A75E12 /* CompleteGoalView */ = {
			isa = PBXGroup;
			children = (
				D06039B52609AC69001BA1F0 /* Firework.swift */,
				D0F2DC8B25E77A4B00A75E12 /* CompleteGoalView.swift */,
			);
			path = CompleteGoalView;
			sourceTree = "<group>";
		};
		D0F3B01D2563D2F3008B6EBB /* SwipeCell */ = {
			isa = PBXGroup;
			children = (
				D0F3B01E2563D307008B6EBB /* Slot.swift */,
				D0F3B0262563D336008B6EBB /* SlidableModifier.swift */,
				D0F3B02B2563D357008B6EBB /* Extensions.swift */,
				D0F3B0302563D3E3008B6EBB /* demo.swift */,
			);
			path = SwipeCell;
			sourceTree = "<group>";
		};
/* End PBXGroup section */

/* Begin PBXNativeTarget section */
		D010265D2524241F00653A52 /* iDeserve */ = {
			isa = PBXNativeTarget;
			buildConfigurationList = D01026832524242100653A52 /* Build configuration list for PBXNativeTarget "iDeserve" */;
			buildPhases = (
				D010265A2524241F00653A52 /* Sources */,
				D010265B2524241F00653A52 /* Frameworks */,
				D010265C2524241F00653A52 /* Resources */,
				D07913422574F198007B9767 /* Embed App Extensions */,
				D0DCF02E26538C07007F7F68 /* Embed Frameworks */,
			);
			buildRules = (
			);
			dependencies = (
			);
			name = iDeserve;
			packageProductDependencies = (
				D0119B5625EE340F00F5E0F6 /* Sliders */,
				D0B113EC262584AB00C93A59 /* SwiftUIPager */,
				D0DCF02B26538C06007F7F68 /* ConfettiSwiftUI */,
			);
			productName = iDeserve;
			productReference = D010265E2524241F00653A52 /* iDeserve.app */;
			productType = "com.apple.product-type.application";
		};
		D010266E2524242000653A52 /* iDeserveTests */ = {
			isa = PBXNativeTarget;
			buildConfigurationList = D01026862524242100653A52 /* Build configuration list for PBXNativeTarget "iDeserveTests" */;
			buildPhases = (
				D010266B2524242000653A52 /* Sources */,
				D010266C2524242000653A52 /* Frameworks */,
				D010266D2524242000653A52 /* Resources */,
			);
			buildRules = (
			);
			dependencies = (
				D01026712524242000653A52 /* PBXTargetDependency */,
			);
			name = iDeserveTests;
			productName = iDeserveTests;
			productReference = D010266F2524242000653A52 /* iDeserveTests.xctest */;
			productType = "com.apple.product-type.bundle.unit-test";
		};
		D01026792524242100653A52 /* iDeserveUITests */ = {
			isa = PBXNativeTarget;
			buildConfigurationList = D01026892524242100653A52 /* Build configuration list for PBXNativeTarget "iDeserveUITests" */;
			buildPhases = (
				D01026762524242100653A52 /* Sources */,
				D01026772524242100653A52 /* Frameworks */,
				D01026782524242100653A52 /* Resources */,
			);
			buildRules = (
			);
			dependencies = (
				D010267C2524242100653A52 /* PBXTargetDependency */,
			);
			name = iDeserveUITests;
			productName = iDeserveUITests;
			productReference = D010267A2524242100653A52 /* iDeserveUITests.xctest */;
			productType = "com.apple.product-type.bundle.ui-testing";
		};
		D079132F2574F198007B9767 /* iDeserveWidgetExtension */ = {
			isa = PBXNativeTarget;
			buildConfigurationList = D07913452574F198007B9767 /* Build configuration list for PBXNativeTarget "iDeserveWidgetExtension" */;
			buildPhases = (
				D079132C2574F198007B9767 /* Sources */,
				D079132D2574F198007B9767 /* Frameworks */,
				D079132E2574F198007B9767 /* Resources */,
			);
			buildRules = (
			);
			dependencies = (
			);
			name = iDeserveWidgetExtension;
			productName = iDeserveWidgetExtension;
			productReference = D07913302574F198007B9767 /* iDeserveWidgetExtension.appex */;
			productType = "com.apple.product-type.app-extension";
		};
/* End PBXNativeTarget section */

/* Begin PBXProject section */
		D01026562524241F00653A52 /* Project object */ = {
			isa = PBXProject;
			attributes = {
				LastSwiftUpdateCheck = 1220;
				LastUpgradeCheck = 1200;
				TargetAttributes = {
					D010265D2524241F00653A52 = {
						CreatedOnToolsVersion = 12.0.1;
					};
					D010266E2524242000653A52 = {
						CreatedOnToolsVersion = 12.0.1;
						TestTargetID = D010265D2524241F00653A52;
					};
					D01026792524242100653A52 = {
						CreatedOnToolsVersion = 12.0.1;
						TestTargetID = D010265D2524241F00653A52;
					};
					D079132F2574F198007B9767 = {
						CreatedOnToolsVersion = 12.2;
					};
				};
			};
			buildConfigurationList = D01026592524241F00653A52 /* Build configuration list for PBXProject "iDeserve" */;
			compatibilityVersion = "Xcode 9.3";
			developmentRegion = en;
			hasScannedForEncodings = 0;
			knownRegions = (
				en,
				"zh-Hans",
			);
			mainGroup = D01026552524241F00653A52;
			packageReferences = (
				D0119B5525EE340F00F5E0F6 /* XCRemoteSwiftPackageReference "swiftui-sliders" */,
				D0B113EB262584AB00C93A59 /* XCRemoteSwiftPackageReference "SwiftUIPager" */,
				D0DCF02A26538C05007F7F68 /* XCRemoteSwiftPackageReference "ConfettiSwiftUI" */,
			);
			productRefGroup = D010265F2524241F00653A52 /* Products */;
			projectDirPath = "";
			projectRoot = "";
			targets = (
				D010265D2524241F00653A52 /* iDeserve */,
				D010266E2524242000653A52 /* iDeserveTests */,
				D01026792524242100653A52 /* iDeserveUITests */,
				D079132F2574F198007B9767 /* iDeserveWidgetExtension */,
			);
		};
/* End PBXProject section */

/* Begin PBXResourcesBuildPhase section */
		D010265C2524241F00653A52 /* Resources */ = {
			isa = PBXResourcesBuildPhase;
			buildActionMask = 2147483647;
			files = (
				D0D23CF12578892F00AAFE27 /* Hiragino-Sans-GB-W6.otf in Resources */,
				D0B1142E2628275400C93A59 /* iDeserve.storekit in Resources */,
				D07242722599C8BB00DCB674 /* Localizable.strings in Resources */,
				D041FF7A25F8BD6F00F565C1 /* Hiragino-Sans-GB-W3.otf in Resources */,
				D01026692524242000653A52 /* Preview Assets.xcassets in Resources */,
				D01026662524242000653A52 /* Assets.xcassets in Resources */,
			);
			runOnlyForDeploymentPostprocessing = 0;
		};
		D010266D2524242000653A52 /* Resources */ = {
			isa = PBXResourcesBuildPhase;
			buildActionMask = 2147483647;
			files = (
			);
			runOnlyForDeploymentPostprocessing = 0;
		};
		D01026782524242100653A52 /* Resources */ = {
			isa = PBXResourcesBuildPhase;
			buildActionMask = 2147483647;
			files = (
			);
			runOnlyForDeploymentPostprocessing = 0;
		};
		D079132E2574F198007B9767 /* Resources */ = {
			isa = PBXResourcesBuildPhase;
			buildActionMask = 2147483647;
			files = (
				D079133B2574F198007B9767 /* Assets.xcassets in Resources */,
				D0F02A36257912840082CCB1 /* Assets.xcassets in Resources */,
				D041FF7B25F8BD6F00F565C1 /* Hiragino-Sans-GB-W3.otf in Resources */,
				D0D23CF22578892F00AAFE27 /* Hiragino-Sans-GB-W6.otf in Resources */,
			);
			runOnlyForDeploymentPostprocessing = 0;
		};
/* End PBXResourcesBuildPhase section */

/* Begin PBXSourcesBuildPhase section */
		D010265A2524241F00653A52 /* Sources */ = {
			isa = PBXSourcesBuildPhase;
			buildActionMask = 2147483647;
			files = (
				D07242782599E1ED00DCB674 /* i18n.swift in Sources */,
				D0B113F4262584E600C93A59 /* LandingPage.swift in Sources */,
				D031EE2125B7DCB500D64CF3 /* DragRelocateDelegate.swift in Sources */,
				D0119B4825ECE74C00F5E0F6 /* GoalTypePicker.swift in Sources */,
				D0F3B0162563BBFB008B6EBB /* SwipeWrapper.swift in Sources */,
				D06806A125318E7F008DE678 /* EditRewardPage.swift in Sources */,
				D0DCF00D264CFEF4007F7F68 /* PopupMask.swift in Sources */,
				D0DCEFCA264A5746007F7F68 /* RedeemRewardAlert.swift in Sources */,
				D0036DC8252B0B5900E4005B /* CreateButton.swift in Sources */,
				D00CB089258A2FF900460D06 /* filterMyDayTasks.swift in Sources */,
				D0F3B0362563F836008B6EBB /* emptyFunc.swift in Sources */,
				D0EE5490255A6D140091302D /* RewardStore.swift in Sources */,
				D0EE548B255A61F80091302D /* RecordStore.swift in Sources */,
				D0F3B02C2563D357008B6EBB /* Extensions.swift in Sources */,
				D031EDE425B1964800D64CF3 /* DifficultyPicker.swift in Sources */,
				D08FB2ED25A5D52200042124 /* draggableModifier.swift in Sources */,
				D0F3B0272563D336008B6EBB /* SlidableModifier.swift in Sources */,
				D088869F263A82A8005624D1 /* RewardFilter.swift in Sources */,
				D079133E2574F198007B9767 /* iDeserveWidget.intentdefinition in Sources */,
				D0F2DC8C25E77A4B00A75E12 /* CompleteGoalView.swift in Sources */,
				D03AF74825B0283500F8152D /* MyWebview.swift in Sources */,
				D04BB024252AC93B0088912A /* RewardPage.swift in Sources */,
				D03AF6F625AD443700F8152D /* CalendarSwiper.swift in Sources */,
				D0D23CD4257882A700AAFE27 /* Font.swift in Sources */,
				D030B6B2257E0A8900967015 /* resetPos.swift in Sources */,
				D072434A25A431C000DCB674 /* utils.swift in Sources */,
				D08FB32125A87CE300042124 /* AnimatedPoints.swift in Sources */,
				D0A071212657DC9F00952DAD /* CloudHelper.swift in Sources */,
				D0AE3B4925AC7CDB00428FC7 /* RecordList.swift in Sources */,
				D0B114022626FBC100C93A59 /* Events.swift in Sources */,
				D088865026365D5D005624D1 /* NutsAndSettings.swift in Sources */,
				D08988CA2546A9D00032BA96 /* GoalTasksSheet.swift in Sources */,
				D08EE9B425FB35DD0020FBC2 /* initData.swift in Sources */,
				D0F02A1F25789E2D0082CCB1 /* CustomScrollView.swift in Sources */,
				D0DCF03E2654E209007F7F68 /* RewardHelpModal.swift in Sources */,
				D08988A8254672390032BA96 /* Difficulty.swift in Sources */,
				D03AF73C25B01DEE00F8152D /* WebPage.swift in Sources */,
				D0EE5486255944680091302D /* TaskStore.swift in Sources */,
				D0036DCD252B0EDB00E4005B /* EditTaskPage.swift in Sources */,
				D03C5D14255CE88400778EEE /* MyDayPage.swift in Sources */,
				D031ED9D25B13EDB00D64CF3 /* FormItem.swift in Sources */,
				D042F196252D98DC00B08F97 /* RewardGrid.swift in Sources */,
				D08988B2254685A60032BA96 /* TaskForm.swift in Sources */,
				D03AF74225B01E2B00F8152D /* Loader.swift in Sources */,
				D03B57C7253D471A00DC107F /* saveContext.swift in Sources */,
				D0DCF03326539049007F7F68 /* Confetti.swift in Sources */,
				D0036DD5252C56CD00E4005B /* Color.swift in Sources */,
				D07913BF257768E9007B9767 /* TabContainer.swift in Sources */,
				D0F3AFFE25636A36008B6EBB /* TaskItem.swift in Sources */,
				D0119B6325EE802700F5E0F6 /* if.swift in Sources */,
				D031EDCA25B16A2900D64CF3 /* ImportancePicker.swift in Sources */,
				D03AF71025AEBAF000F8152D /* roundBorder.swift in Sources */,
				D007CFB525873512008CA76D /* constants.swift in Sources */,
				D08EE9AA25F9F3450020FBC2 /* dismissKeyboard.swift in Sources */,
				D0119B4225ECE52F00F5E0F6 /* TypeIcon.swift in Sources */,
				D09688E9258C5B2F00E41751 /* resetRepeatTaskStatus.swift in Sources */,
				D07B6D3425B037E200087FC5 /* GoalItemView.swift in Sources */,
				D03B57CC253D8B4900DC107F /* RecordPage.swift in Sources */,
				D0B114292628236500C93A59 /* PayPage.swift in Sources */,
				D031EE1725B7CDEE00D64CF3 /* Goal.swift in Sources */,
				D0F3B01F2563D307008B6EBB /* Slot.swift in Sources */,
				D0119B7325EF2D3A00F5E0F6 /* RewardTypePicker.swift in Sources */,
				D04BB017252AC7FB0088912A /* GoalPage.swift in Sources */,
				D031EDF525B5719300D64CF3 /* PopupView.swift in Sources */,
				D08886A5263B1363005624D1 /* RewardPageHeader.swift in Sources */,
				D0119B5D25EE367200F5E0F6 /* MySlider.swift in Sources */,
				D0EE548125591D1C0091302D /* GoalStore.swift in Sources */,
				D072432C25A30B6400DCB674 /* CalendarGrid.swift in Sources */,
				D0CF9FD82611BF7F00DD4CB2 /* IAPHelper.swift in Sources */,
				D03AF6FC25AD44B800F8152D /* viberate.swift in Sources */,
				D03AF73225B0113700F8152D /* WebView.swift in Sources */,
				D08FB2FB25A82E1F00042124 /* Importance.swift in Sources */,
				D00CB07B2588B84800460D06 /* MyDayCreateTaskSheet.swift in Sources */,
				D08988DE2546BDDC0032BA96 /* Task.swift in Sources */,
				D072433625A30EC800DCB674 /* CalendarLayout.swift in Sources */,
				D0119B6D25EF2C7600F5E0F6 /* Reward.swift in Sources */,
				D07913C925776963007B9767 /* TabIcon.swift in Sources */,
				D03B57D1253D8D5100DC107F /* CoreDataContainer.swift in Sources */,
				D08B91B725AABCF0007F2358 /* dateTools.swift in Sources */,
				D08988A3254671E60032BA96 /* EditGoalPage.swift in Sources */,
				D06806A62531939D008DE678 /* RepeatFrequency.swift in Sources */,
				D0F3B00325636C4B008B6EBB /* genMockData.swift in Sources */,
				D03F21AE25270EC40055BF25 /* Record.swift in Sources */,
				D041FF7425F8A15700F565C1 /* HelpTextModal.swift in Sources */,
				D07B6D4825B06C5400087FC5 /* ProgressBar.swift in Sources */,
				D0EE547C255908C80091302D /* GlobalStore.swift in Sources */,
				D06039B62609AC69001BA1F0 /* Firework.swift in Sources */,
				D0F3B0312563D3E3008B6EBB /* demo.swift in Sources */,
				D04BB01F252AC8330088912A /* AppWrapper.swift in Sources */,
				D03B57BE253D303A00DC107F /* iDeserve.xcdatamodeld in Sources */,
				D06806AB2531A4CC008DE678 /* ImagePicker.swift in Sources */,
				D07242FE25A1CA4400DCB674 /* AppHeader.swift in Sources */,
				D07B6D3A25B042E500087FC5 /* NutIcon.swift in Sources */,
				D03AF72725AFECAD00F8152D /* SettingsPage.swift in Sources */,
				D072430425A2CCF200DCB674 /* HighPriorityButtonStyle.swift in Sources */,
				D089889E25466ECC0032BA96 /* PointsStore.swift in Sources */,
				D01CAD9B25AC92A2009F1115 /* ExDivider.swift in Sources */,
				D08EE9A025F9EA300020FBC2 /* TextArea.swift in Sources */,
				D01026622524241F00653A52 /* iDeserveApp.swift in Sources */,
			);
			runOnlyForDeploymentPostprocessing = 0;
		};
		D010266B2524242000653A52 /* Sources */ = {
			isa = PBXSourcesBuildPhase;
			buildActionMask = 2147483647;
			files = (
				D01026742524242100653A52 /* iDeserveTests.swift in Sources */,
			);
			runOnlyForDeploymentPostprocessing = 0;
		};
		D01026762524242100653A52 /* Sources */ = {
			isa = PBXSourcesBuildPhase;
			buildActionMask = 2147483647;
			files = (
				D010267F2524242100653A52 /* iDeserveUITests.swift in Sources */,
			);
			runOnlyForDeploymentPostprocessing = 0;
		};
		D079132C2574F198007B9767 /* Sources */ = {
			isa = PBXSourcesBuildPhase;
			buildActionMask = 2147483647;
			files = (
				D0F02A3B2579162D0082CCB1 /* CoreDataContainer.swift in Sources */,
				D07913382574F198007B9767 /* iDeserveWidget.swift in Sources */,
				D0D23CFB25788CD600AAFE27 /* Font.swift in Sources */,
				D03AF70125AD4FAF00F8152D /* viberate.swift in Sources */,
				D07913672574F632007B9767 /* RepeatFrequency.swift in Sources */,
				D07913822574F671007B9767 /* iDeserve.xcdatamodeld in Sources */,
				D0B11482262F013400C93A59 /* Goal.swift in Sources */,
				D0B11419262704CF00C93A59 /* Events.swift in Sources */,
				D07913682574F632007B9767 /* Difficulty.swift in Sources */,
				D079133D2574F198007B9767 /* iDeserveWidget.intentdefinition in Sources */,
				D0B1147D262EFFF200C93A59 /* Importance.swift in Sources */,
				D079137B2574F65B007B9767 /* emptyFunc.swift in Sources */,
				D079137C2574F65B007B9767 /* saveContext.swift in Sources */,
				D08B91C025AAC0D6007F2358 /* dateTools.swift in Sources */,
				D0B1140F262704BA00C93A59 /* TaskItem.swift in Sources */,
				D07913652574F632007B9767 /* Record.swift in Sources */,
				D08886B2263C0271005624D1 /* roundBorder.swift in Sources */,
				D07913662574F632007B9767 /* Color.swift in Sources */,
				D07913692574F632007B9767 /* Task.swift in Sources */,
				D0B1146C262D9D3000C93A59 /* NutIcon.swift in Sources */,
				D0B11414262704BE00C93A59 /* SwipeWrapper.swift in Sources */,
				D079137D2574F65B007B9767 /* genMockData.swift in Sources */,
				D0B11467262D9BCD00C93A59 /* constants.swift in Sources */,
			);
			runOnlyForDeploymentPostprocessing = 0;
		};
/* End PBXSourcesBuildPhase section */

/* Begin PBXTargetDependency section */
		D01026712524242000653A52 /* PBXTargetDependency */ = {
			isa = PBXTargetDependency;
			target = D010265D2524241F00653A52 /* iDeserve */;
			targetProxy = D01026702524242000653A52 /* PBXContainerItemProxy */;
		};
		D010267C2524242100653A52 /* PBXTargetDependency */ = {
			isa = PBXTargetDependency;
			target = D010265D2524241F00653A52 /* iDeserve */;
			targetProxy = D010267B2524242100653A52 /* PBXContainerItemProxy */;
		};
/* End PBXTargetDependency section */

/* Begin PBXVariantGroup section */
		D07242702599C8BB00DCB674 /* Localizable.strings */ = {
			isa = PBXVariantGroup;
			children = (
				D07242712599C8BB00DCB674 /* en */,
			);
			name = Localizable.strings;
			sourceTree = "<group>";
		};
/* End PBXVariantGroup section */

/* Begin XCBuildConfiguration section */
		D01026812524242100653A52 /* Debug */ = {
			isa = XCBuildConfiguration;
			buildSettings = {
				ALWAYS_SEARCH_USER_PATHS = NO;
				CLANG_ANALYZER_NONNULL = YES;
				CLANG_ANALYZER_NUMBER_OBJECT_CONVERSION = YES_AGGRESSIVE;
				CLANG_CXX_LANGUAGE_STANDARD = "gnu++14";
				CLANG_CXX_LIBRARY = "libc++";
				CLANG_ENABLE_MODULES = YES;
				CLANG_ENABLE_OBJC_ARC = YES;
				CLANG_ENABLE_OBJC_WEAK = YES;
				CLANG_WARN_BLOCK_CAPTURE_AUTORELEASING = YES;
				CLANG_WARN_BOOL_CONVERSION = YES;
				CLANG_WARN_COMMA = YES;
				CLANG_WARN_CONSTANT_CONVERSION = YES;
				CLANG_WARN_DEPRECATED_OBJC_IMPLEMENTATIONS = YES;
				CLANG_WARN_DIRECT_OBJC_ISA_USAGE = YES_ERROR;
				CLANG_WARN_DOCUMENTATION_COMMENTS = YES;
				CLANG_WARN_EMPTY_BODY = YES;
				CLANG_WARN_ENUM_CONVERSION = YES;
				CLANG_WARN_INFINITE_RECURSION = YES;
				CLANG_WARN_INT_CONVERSION = YES;
				CLANG_WARN_NON_LITERAL_NULL_CONVERSION = YES;
				CLANG_WARN_OBJC_IMPLICIT_RETAIN_SELF = YES;
				CLANG_WARN_OBJC_LITERAL_CONVERSION = YES;
				CLANG_WARN_OBJC_ROOT_CLASS = YES_ERROR;
				CLANG_WARN_QUOTED_INCLUDE_IN_FRAMEWORK_HEADER = YES;
				CLANG_WARN_RANGE_LOOP_ANALYSIS = YES;
				CLANG_WARN_STRICT_PROTOTYPES = YES;
				CLANG_WARN_SUSPICIOUS_MOVE = YES;
				CLANG_WARN_UNGUARDED_AVAILABILITY = YES_AGGRESSIVE;
				CLANG_WARN_UNREACHABLE_CODE = YES;
				CLANG_WARN__DUPLICATE_METHOD_MATCH = YES;
				COPY_PHASE_STRIP = NO;
				DEBUG_INFORMATION_FORMAT = dwarf;
				ENABLE_STRICT_OBJC_MSGSEND = YES;
				ENABLE_TESTABILITY = YES;
				GCC_C_LANGUAGE_STANDARD = gnu11;
				GCC_DYNAMIC_NO_PIC = NO;
				GCC_NO_COMMON_BLOCKS = YES;
				GCC_OPTIMIZATION_LEVEL = 0;
				GCC_PREPROCESSOR_DEFINITIONS = (
					"DEBUG=1",
					"$(inherited)",
				);
				GCC_WARN_64_TO_32_BIT_CONVERSION = YES;
				GCC_WARN_ABOUT_RETURN_TYPE = YES_ERROR;
				GCC_WARN_UNDECLARED_SELECTOR = YES;
				GCC_WARN_UNINITIALIZED_AUTOS = YES_AGGRESSIVE;
				GCC_WARN_UNUSED_FUNCTION = YES;
				GCC_WARN_UNUSED_VARIABLE = YES;
				IPHONEOS_DEPLOYMENT_TARGET = 14.0;
				MTL_ENABLE_DEBUG_INFO = INCLUDE_SOURCE;
				MTL_FAST_MATH = YES;
				ONLY_ACTIVE_ARCH = YES;
				SDKROOT = iphoneos;
				SWIFT_ACTIVE_COMPILATION_CONDITIONS = DEBUG;
				SWIFT_OPTIMIZATION_LEVEL = "-Onone";
			};
			name = Debug;
		};
		D01026822524242100653A52 /* Release */ = {
			isa = XCBuildConfiguration;
			buildSettings = {
				ALWAYS_SEARCH_USER_PATHS = NO;
				CLANG_ANALYZER_NONNULL = YES;
				CLANG_ANALYZER_NUMBER_OBJECT_CONVERSION = YES_AGGRESSIVE;
				CLANG_CXX_LANGUAGE_STANDARD = "gnu++14";
				CLANG_CXX_LIBRARY = "libc++";
				CLANG_ENABLE_MODULES = YES;
				CLANG_ENABLE_OBJC_ARC = YES;
				CLANG_ENABLE_OBJC_WEAK = YES;
				CLANG_WARN_BLOCK_CAPTURE_AUTORELEASING = YES;
				CLANG_WARN_BOOL_CONVERSION = YES;
				CLANG_WARN_COMMA = YES;
				CLANG_WARN_CONSTANT_CONVERSION = YES;
				CLANG_WARN_DEPRECATED_OBJC_IMPLEMENTATIONS = YES;
				CLANG_WARN_DIRECT_OBJC_ISA_USAGE = YES_ERROR;
				CLANG_WARN_DOCUMENTATION_COMMENTS = YES;
				CLANG_WARN_EMPTY_BODY = YES;
				CLANG_WARN_ENUM_CONVERSION = YES;
				CLANG_WARN_INFINITE_RECURSION = YES;
				CLANG_WARN_INT_CONVERSION = YES;
				CLANG_WARN_NON_LITERAL_NULL_CONVERSION = YES;
				CLANG_WARN_OBJC_IMPLICIT_RETAIN_SELF = YES;
				CLANG_WARN_OBJC_LITERAL_CONVERSION = YES;
				CLANG_WARN_OBJC_ROOT_CLASS = YES_ERROR;
				CLANG_WARN_QUOTED_INCLUDE_IN_FRAMEWORK_HEADER = YES;
				CLANG_WARN_RANGE_LOOP_ANALYSIS = YES;
				CLANG_WARN_STRICT_PROTOTYPES = YES;
				CLANG_WARN_SUSPICIOUS_MOVE = YES;
				CLANG_WARN_UNGUARDED_AVAILABILITY = YES_AGGRESSIVE;
				CLANG_WARN_UNREACHABLE_CODE = YES;
				CLANG_WARN__DUPLICATE_METHOD_MATCH = YES;
				COPY_PHASE_STRIP = NO;
				DEBUG_INFORMATION_FORMAT = "dwarf-with-dsym";
				ENABLE_NS_ASSERTIONS = NO;
				ENABLE_STRICT_OBJC_MSGSEND = YES;
				GCC_C_LANGUAGE_STANDARD = gnu11;
				GCC_NO_COMMON_BLOCKS = YES;
				GCC_WARN_64_TO_32_BIT_CONVERSION = YES;
				GCC_WARN_ABOUT_RETURN_TYPE = YES_ERROR;
				GCC_WARN_UNDECLARED_SELECTOR = YES;
				GCC_WARN_UNINITIALIZED_AUTOS = YES_AGGRESSIVE;
				GCC_WARN_UNUSED_FUNCTION = YES;
				GCC_WARN_UNUSED_VARIABLE = YES;
				IPHONEOS_DEPLOYMENT_TARGET = 14.0;
				MTL_ENABLE_DEBUG_INFO = NO;
				MTL_FAST_MATH = YES;
				SDKROOT = iphoneos;
				SWIFT_COMPILATION_MODE = wholemodule;
				SWIFT_OPTIMIZATION_LEVEL = "-O";
				VALIDATE_PRODUCT = YES;
			};
			name = Release;
		};
		D01026842524242100653A52 /* Debug */ = {
			isa = XCBuildConfiguration;
			buildSettings = {
				ALWAYS_EMBED_SWIFT_STANDARD_LIBRARIES = YES;
				ASSETCATALOG_COMPILER_APPICON_NAME = AppIcon;
				ASSETCATALOG_COMPILER_GLOBAL_ACCENT_COLOR_NAME = AccentColor;
				CODE_SIGN_ENTITLEMENTS = iDeserve/iDeserveRelease.entitlements;
				CODE_SIGN_STYLE = Automatic;
				DEVELOPMENT_ASSET_PATHS = "\"iDeserve/Preview Content\"";
				DEVELOPMENT_TEAM = SY3R68BT34;
				ENABLE_PREVIEWS = YES;
				INFOPLIST_FILE = iDeserve/Info.plist;
				IPHONEOS_DEPLOYMENT_TARGET = 14.0;
				LD_RUNPATH_SEARCH_PATHS = (
					"$(inherited)",
					"@executable_path/Frameworks",
				);
				MARKETING_VERSION = 0.7.3;
				PRODUCT_BUNDLE_IDENTIFIER = tanbowensg.iDeserve;
				PRODUCT_NAME = "$(TARGET_NAME)";
				SWIFT_VERSION = 5.0;
				TARGETED_DEVICE_FAMILY = 1;
			};
			name = Debug;
		};
		D01026852524242100653A52 /* Release */ = {
			isa = XCBuildConfiguration;
			buildSettings = {
				ALWAYS_EMBED_SWIFT_STANDARD_LIBRARIES = YES;
				ASSETCATALOG_COMPILER_APPICON_NAME = AppIcon;
				ASSETCATALOG_COMPILER_GLOBAL_ACCENT_COLOR_NAME = AccentColor;
				CODE_SIGN_ENTITLEMENTS = iDeserve/iDeserveRelease.entitlements;
				CODE_SIGN_STYLE = Automatic;
				DEVELOPMENT_ASSET_PATHS = "\"iDeserve/Preview Content\"";
				DEVELOPMENT_TEAM = SY3R68BT34;
				ENABLE_PREVIEWS = YES;
				INFOPLIST_FILE = iDeserve/Info.plist;
				IPHONEOS_DEPLOYMENT_TARGET = 14.0;
				LD_RUNPATH_SEARCH_PATHS = (
					"$(inherited)",
					"@executable_path/Frameworks",
				);
				MARKETING_VERSION = 0.7.3;
				PRODUCT_BUNDLE_IDENTIFIER = tanbowensg.iDeserve;
				PRODUCT_NAME = "$(TARGET_NAME)";
				SWIFT_VERSION = 5.0;
				TARGETED_DEVICE_FAMILY = 1;
			};
			name = Release;
		};
		D01026872524242100653A52 /* Debug */ = {
			isa = XCBuildConfiguration;
			buildSettings = {
				ALWAYS_EMBED_SWIFT_STANDARD_LIBRARIES = YES;
				BUNDLE_LOADER = "$(TEST_HOST)";
				CODE_SIGN_STYLE = Automatic;
				INFOPLIST_FILE = iDeserveTests/Info.plist;
				IPHONEOS_DEPLOYMENT_TARGET = 14.0;
				LD_RUNPATH_SEARCH_PATHS = (
					"$(inherited)",
					"@executable_path/Frameworks",
					"@loader_path/Frameworks",
				);
				PRODUCT_BUNDLE_IDENTIFIER = tanbowensg.iDeserveTests;
				PRODUCT_NAME = "$(TARGET_NAME)";
				SWIFT_VERSION = 5.0;
				TARGETED_DEVICE_FAMILY = "1,2";
				TEST_HOST = "$(BUILT_PRODUCTS_DIR)/iDeserve.app/iDeserve";
			};
			name = Debug;
		};
		D01026882524242100653A52 /* Release */ = {
			isa = XCBuildConfiguration;
			buildSettings = {
				ALWAYS_EMBED_SWIFT_STANDARD_LIBRARIES = YES;
				BUNDLE_LOADER = "$(TEST_HOST)";
				CODE_SIGN_STYLE = Automatic;
				INFOPLIST_FILE = iDeserveTests/Info.plist;
				IPHONEOS_DEPLOYMENT_TARGET = 14.0;
				LD_RUNPATH_SEARCH_PATHS = (
					"$(inherited)",
					"@executable_path/Frameworks",
					"@loader_path/Frameworks",
				);
				PRODUCT_BUNDLE_IDENTIFIER = tanbowensg.iDeserveTests;
				PRODUCT_NAME = "$(TARGET_NAME)";
				SWIFT_VERSION = 5.0;
				TARGETED_DEVICE_FAMILY = "1,2";
				TEST_HOST = "$(BUILT_PRODUCTS_DIR)/iDeserve.app/iDeserve";
			};
			name = Release;
		};
		D010268A2524242100653A52 /* Debug */ = {
			isa = XCBuildConfiguration;
			buildSettings = {
				ALWAYS_EMBED_SWIFT_STANDARD_LIBRARIES = YES;
				CODE_SIGN_STYLE = Automatic;
				INFOPLIST_FILE = iDeserveUITests/Info.plist;
				LD_RUNPATH_SEARCH_PATHS = (
					"$(inherited)",
					"@executable_path/Frameworks",
					"@loader_path/Frameworks",
				);
				PRODUCT_BUNDLE_IDENTIFIER = tanbowensg.iDeserveUITests;
				PRODUCT_NAME = "$(TARGET_NAME)";
				SWIFT_VERSION = 5.0;
				TARGETED_DEVICE_FAMILY = "1,2";
				TEST_TARGET_NAME = iDeserve;
			};
			name = Debug;
		};
		D010268B2524242100653A52 /* Release */ = {
			isa = XCBuildConfiguration;
			buildSettings = {
				ALWAYS_EMBED_SWIFT_STANDARD_LIBRARIES = YES;
				CODE_SIGN_STYLE = Automatic;
				INFOPLIST_FILE = iDeserveUITests/Info.plist;
				LD_RUNPATH_SEARCH_PATHS = (
					"$(inherited)",
					"@executable_path/Frameworks",
					"@loader_path/Frameworks",
				);
				PRODUCT_BUNDLE_IDENTIFIER = tanbowensg.iDeserveUITests;
				PRODUCT_NAME = "$(TARGET_NAME)";
				SWIFT_VERSION = 5.0;
				TARGETED_DEVICE_FAMILY = "1,2";
				TEST_TARGET_NAME = iDeserve;
			};
			name = Release;
		};
		D07913432574F198007B9767 /* Debug */ = {
			isa = XCBuildConfiguration;
			buildSettings = {
				ASSETCATALOG_COMPILER_GLOBAL_ACCENT_COLOR_NAME = AccentColor;
				ASSETCATALOG_COMPILER_WIDGET_BACKGROUND_COLOR_NAME = WidgetBackground;
				CODE_SIGN_ENTITLEMENTS = iDeserve/iDeserveRelease.entitlements;
				CODE_SIGN_STYLE = Automatic;
				DEVELOPMENT_TEAM = SY3R68BT34;
				INFOPLIST_FILE = iDeserveWidget/Info.plist;
				IPHONEOS_DEPLOYMENT_TARGET = 14.2;
				LD_RUNPATH_SEARCH_PATHS = (
					"$(inherited)",
					"@executable_path/Frameworks",
					"@executable_path/../../Frameworks",
				);
				MARKETING_VERSION = 0.6.5;
				PRODUCT_BUNDLE_IDENTIFIER = tanbowensg.iDeserve.iDeserveWidget;
				PRODUCT_NAME = "$(TARGET_NAME)";
				SKIP_INSTALL = YES;
				SWIFT_VERSION = 5.0;
				TARGETED_DEVICE_FAMILY = "1,2";
			};
			name = Debug;
		};
		D07913442574F198007B9767 /* Release */ = {
			isa = XCBuildConfiguration;
			buildSettings = {
				ASSETCATALOG_COMPILER_GLOBAL_ACCENT_COLOR_NAME = AccentColor;
				ASSETCATALOG_COMPILER_WIDGET_BACKGROUND_COLOR_NAME = WidgetBackground;
				CODE_SIGN_ENTITLEMENTS = iDeserveWidgetExtensionRelease.entitlements;
				CODE_SIGN_STYLE = Automatic;
				DEVELOPMENT_TEAM = SY3R68BT34;
				INFOPLIST_FILE = iDeserveWidget/Info.plist;
				IPHONEOS_DEPLOYMENT_TARGET = 14.2;
				LD_RUNPATH_SEARCH_PATHS = (
					"$(inherited)",
					"@executable_path/Frameworks",
					"@executable_path/../../Frameworks",
				);
				MARKETING_VERSION = 0.6.5;
				PRODUCT_BUNDLE_IDENTIFIER = tanbowensg.iDeserve.iDeserveWidget;
				PRODUCT_NAME = "$(TARGET_NAME)";
				SKIP_INSTALL = YES;
				SWIFT_VERSION = 5.0;
				TARGETED_DEVICE_FAMILY = "1,2";
			};
			name = Release;
		};
/* End XCBuildConfiguration section */

/* Begin XCConfigurationList section */
		D01026592524241F00653A52 /* Build configuration list for PBXProject "iDeserve" */ = {
			isa = XCConfigurationList;
			buildConfigurations = (
				D01026812524242100653A52 /* Debug */,
				D01026822524242100653A52 /* Release */,
			);
			defaultConfigurationIsVisible = 0;
			defaultConfigurationName = Release;
		};
		D01026832524242100653A52 /* Build configuration list for PBXNativeTarget "iDeserve" */ = {
			isa = XCConfigurationList;
			buildConfigurations = (
				D01026842524242100653A52 /* Debug */,
				D01026852524242100653A52 /* Release */,
			);
			defaultConfigurationIsVisible = 0;
			defaultConfigurationName = Release;
		};
		D01026862524242100653A52 /* Build configuration list for PBXNativeTarget "iDeserveTests" */ = {
			isa = XCConfigurationList;
			buildConfigurations = (
				D01026872524242100653A52 /* Debug */,
				D01026882524242100653A52 /* Release */,
			);
			defaultConfigurationIsVisible = 0;
			defaultConfigurationName = Release;
		};
		D01026892524242100653A52 /* Build configuration list for PBXNativeTarget "iDeserveUITests" */ = {
			isa = XCConfigurationList;
			buildConfigurations = (
				D010268A2524242100653A52 /* Debug */,
				D010268B2524242100653A52 /* Release */,
			);
			defaultConfigurationIsVisible = 0;
			defaultConfigurationName = Release;
		};
		D07913452574F198007B9767 /* Build configuration list for PBXNativeTarget "iDeserveWidgetExtension" */ = {
			isa = XCConfigurationList;
			buildConfigurations = (
				D07913432574F198007B9767 /* Debug */,
				D07913442574F198007B9767 /* Release */,
			);
			defaultConfigurationIsVisible = 0;
			defaultConfigurationName = Release;
		};
/* End XCConfigurationList section */

/* Begin XCRemoteSwiftPackageReference section */
		D0119B5525EE340F00F5E0F6 /* XCRemoteSwiftPackageReference "swiftui-sliders" */ = {
			isa = XCRemoteSwiftPackageReference;
			repositoryURL = "git@github.com:spacenation/swiftui-sliders.git";
			requirement = {
				kind = upToNextMajorVersion;
				minimumVersion = 1.0.0;
			};
		};
		D0B113EB262584AB00C93A59 /* XCRemoteSwiftPackageReference "SwiftUIPager" */ = {
			isa = XCRemoteSwiftPackageReference;
			repositoryURL = "https://github.com/fermoya/SwiftUIPager.git";
			requirement = {
				kind = upToNextMajorVersion;
				minimumVersion = 2.1.0;
			};
		};
		D0DCF02A26538C05007F7F68 /* XCRemoteSwiftPackageReference "ConfettiSwiftUI" */ = {
			isa = XCRemoteSwiftPackageReference;
			repositoryURL = "https://github.com/simibac/ConfettiSwiftUI";
			requirement = {
				branch = master;
				kind = branch;
			};
		};
/* End XCRemoteSwiftPackageReference section */

/* Begin XCSwiftPackageProductDependency section */
		D0119B5625EE340F00F5E0F6 /* Sliders */ = {
			isa = XCSwiftPackageProductDependency;
			package = D0119B5525EE340F00F5E0F6 /* XCRemoteSwiftPackageReference "swiftui-sliders" */;
			productName = Sliders;
		};
		D0B113EC262584AB00C93A59 /* SwiftUIPager */ = {
			isa = XCSwiftPackageProductDependency;
			package = D0B113EB262584AB00C93A59 /* XCRemoteSwiftPackageReference "SwiftUIPager" */;
			productName = SwiftUIPager;
		};
		D0DCF02B26538C06007F7F68 /* ConfettiSwiftUI */ = {
			isa = XCSwiftPackageProductDependency;
			package = D0DCF02A26538C05007F7F68 /* XCRemoteSwiftPackageReference "ConfettiSwiftUI" */;
			productName = ConfettiSwiftUI;
		};
/* End XCSwiftPackageProductDependency section */

/* Begin XCVersionGroup section */
		D03B57BC253D303A00DC107F /* iDeserve.xcdatamodeld */ = {
			isa = XCVersionGroup;
			children = (
				D03B57BD253D303A00DC107F /* iDeserve.xcdatamodel */,
			);
			currentVersion = D03B57BD253D303A00DC107F /* iDeserve.xcdatamodel */;
			path = iDeserve.xcdatamodeld;
			sourceTree = "<group>";
			versionGroupType = wrapper.xcdatamodel;
		};
/* End XCVersionGroup section */
	};
	rootObject = D01026562524241F00653A52 /* Project object */;
}
